// !$*UTF8*$!
{
	archiveVersion = 1;
	classes = {
	};
	objectVersion = 50;
	objects = {

/* Begin PBXBuildFile section */
		07168B0124B20916009B42E2 /* Assets.xcassets in Resources */ = {isa = PBXBuildFile; fileRef = 071DAB3724AEB19E006B1F26 /* Assets.xcassets */; };
		07168B0224B20918009B42E2 /* Assets.xcassets in Resources */ = {isa = PBXBuildFile; fileRef = 071DAB3724AEB19E006B1F26 /* Assets.xcassets */; };
		07168B0324B20919009B42E2 /* Assets.xcassets in Resources */ = {isa = PBXBuildFile; fileRef = 071DAB3724AEB19E006B1F26 /* Assets.xcassets */; };
		071DAB3024AEB19C006B1F26 /* WidgetKit.framework in Frameworks */ = {isa = PBXBuildFile; fileRef = 071DAB2F24AEB19C006B1F26 /* WidgetKit.framework */; };
		071DAB3224AEB19C006B1F26 /* SwiftUI.framework in Frameworks */ = {isa = PBXBuildFile; fileRef = 071DAB3124AEB19C006B1F26 /* SwiftUI.framework */; };
		071DAB3524AEB19C006B1F26 /* CaffeineWidget.swift in Sources */ = {isa = PBXBuildFile; fileRef = 071DAB3424AEB19C006B1F26 /* CaffeineWidget.swift */; };
		071DAB3824AEB19E006B1F26 /* Assets.xcassets in Resources */ = {isa = PBXBuildFile; fileRef = 071DAB3724AEB19E006B1F26 /* Assets.xcassets */; };
		071DAB3A24AEB19E006B1F26 /* MyDemoWidget.intentdefinition in Sources */ = {isa = PBXBuildFile; fileRef = 071DAB3624AEB19C006B1F26 /* MyDemoWidget.intentdefinition */; };
		071DAB3B24AEB19E006B1F26 /* MyDemoWidget.intentdefinition in Sources */ = {isa = PBXBuildFile; fileRef = 071DAB3624AEB19C006B1F26 /* MyDemoWidget.intentdefinition */; };
		071DAB3E24AEB19E006B1F26 /* MyDemoWidgetExtension.appex in Embed App Extensions */ = {isa = PBXBuildFile; fileRef = 071DAB2D24AEB19C006B1F26 /* MyDemoWidgetExtension.appex */; settings = {ATTRIBUTES = (RemoveHeadersOnCopy, ); }; };
		071DAB4524AEB1F8006B1F26 /* CaffeineWidgetView.swift in Sources */ = {isa = PBXBuildFile; fileRef = 071DAB4324AEB1F8006B1F26 /* CaffeineWidgetView.swift */; };
		0724D1C924AEB46200B2F081 /* CaffeineWidgetView.swift in Sources */ = {isa = PBXBuildFile; fileRef = 071DAB4324AEB1F8006B1F26 /* CaffeineWidgetView.swift */; };
		07F99CA624A164F0009FF1C4 /* MyDemoApp.swift in Sources */ = {isa = PBXBuildFile; fileRef = 07F99CA524A164F0009FF1C4 /* MyDemoApp.swift */; };
		07F99CA824A164F0009FF1C4 /* ContentView.swift in Sources */ = {isa = PBXBuildFile; fileRef = 07F99CA724A164F0009FF1C4 /* ContentView.swift */; };
		07F99CAA24A164F1009FF1C4 /* Assets.xcassets in Resources */ = {isa = PBXBuildFile; fileRef = 07F99CA924A164F1009FF1C4 /* Assets.xcassets */; };
		07F99CAD24A164F1009FF1C4 /* Preview Assets.xcassets in Resources */ = {isa = PBXBuildFile; fileRef = 07F99CAC24A164F1009FF1C4 /* Preview Assets.xcassets */; };
		07F99CB824A164F2009FF1C4 /* MyDemoTests.swift in Sources */ = {isa = PBXBuildFile; fileRef = 07F99CB724A164F2009FF1C4 /* MyDemoTests.swift */; };
		07F99CC324A164F2009FF1C4 /* MyDemoUITests.swift in Sources */ = {isa = PBXBuildFile; fileRef = 07F99CC224A164F2009FF1C4 /* MyDemoUITests.swift */; };
/* End PBXBuildFile section */

/* Begin PBXContainerItemProxy section */
		071DAB3C24AEB19E006B1F26 /* PBXContainerItemProxy */ = {
			isa = PBXContainerItemProxy;
			containerPortal = 07F99C9A24A164F0009FF1C4 /* Project object */;
			proxyType = 1;
			remoteGlobalIDString = 071DAB2C24AEB19C006B1F26;
			remoteInfo = MyDemoWidgetExtension;
		};
		07F99CB424A164F2009FF1C4 /* PBXContainerItemProxy */ = {
			isa = PBXContainerItemProxy;
			containerPortal = 07F99C9A24A164F0009FF1C4 /* Project object */;
			proxyType = 1;
			remoteGlobalIDString = 07F99CA124A164F0009FF1C4;
			remoteInfo = MyDemo;
		};
		07F99CBF24A164F2009FF1C4 /* PBXContainerItemProxy */ = {
			isa = PBXContainerItemProxy;
			containerPortal = 07F99C9A24A164F0009FF1C4 /* Project object */;
			proxyType = 1;
			remoteGlobalIDString = 07F99CA124A164F0009FF1C4;
			remoteInfo = MyDemo;
		};
/* End PBXContainerItemProxy section */

/* Begin PBXCopyFilesBuildPhase section */
		071DAB3F24AEB19E006B1F26 /* Embed App Extensions */ = {
			isa = PBXCopyFilesBuildPhase;
			buildActionMask = 2147483647;
			dstPath = "";
			dstSubfolderSpec = 13;
			files = (
				071DAB3E24AEB19E006B1F26 /* MyDemoWidgetExtension.appex in Embed App Extensions */,
			);
			name = "Embed App Extensions";
			runOnlyForDeploymentPostprocessing = 0;
		};
/* End PBXCopyFilesBuildPhase section */

/* Begin PBXFileReference section */
		071DAB2D24AEB19C006B1F26 /* MyDemoWidgetExtension.appex */ = {isa = PBXFileReference; explicitFileType = "wrapper.app-extension"; includeInIndex = 0; path = MyDemoWidgetExtension.appex; sourceTree = BUILT_PRODUCTS_DIR; };
		071DAB2F24AEB19C006B1F26 /* WidgetKit.framework */ = {isa = PBXFileReference; lastKnownFileType = wrapper.framework; name = WidgetKit.framework; path = System/Library/Frameworks/WidgetKit.framework; sourceTree = SDKROOT; };
		071DAB3124AEB19C006B1F26 /* SwiftUI.framework */ = {isa = PBXFileReference; lastKnownFileType = wrapper.framework; name = SwiftUI.framework; path = System/Library/Frameworks/SwiftUI.framework; sourceTree = SDKROOT; };
		071DAB3424AEB19C006B1F26 /* CaffeineWidget.swift */ = {isa = PBXFileReference; lastKnownFileType = sourcecode.swift; path = CaffeineWidget.swift; sourceTree = "<group>"; };
		071DAB3624AEB19C006B1F26 /* MyDemoWidget.intentdefinition */ = {isa = PBXFileReference; lastKnownFileType = file.intentdefinition; path = MyDemoWidget.intentdefinition; sourceTree = "<group>"; };
		071DAB3724AEB19E006B1F26 /* Assets.xcassets */ = {isa = PBXFileReference; lastKnownFileType = folder.assetcatalog; path = Assets.xcassets; sourceTree = "<group>"; };
		071DAB3924AEB19E006B1F26 /* Info.plist */ = {isa = PBXFileReference; lastKnownFileType = text.plist.xml; path = Info.plist; sourceTree = "<group>"; };
		071DAB4324AEB1F8006B1F26 /* CaffeineWidgetView.swift */ = {isa = PBXFileReference; lastKnownFileType = sourcecode.swift; path = CaffeineWidgetView.swift; sourceTree = "<group>"; };
		07F99CA224A164F0009FF1C4 /* MyDemo.app */ = {isa = PBXFileReference; explicitFileType = wrapper.application; includeInIndex = 0; path = MyDemo.app; sourceTree = BUILT_PRODUCTS_DIR; };
		07F99CA524A164F0009FF1C4 /* MyDemoApp.swift */ = {isa = PBXFileReference; lastKnownFileType = sourcecode.swift; path = MyDemoApp.swift; sourceTree = "<group>"; };
		07F99CA724A164F0009FF1C4 /* ContentView.swift */ = {isa = PBXFileReference; lastKnownFileType = sourcecode.swift; path = ContentView.swift; sourceTree = "<group>"; };
		07F99CA924A164F1009FF1C4 /* Assets.xcassets */ = {isa = PBXFileReference; lastKnownFileType = folder.assetcatalog; path = Assets.xcassets; sourceTree = "<group>"; };
		07F99CAC24A164F1009FF1C4 /* Preview Assets.xcassets */ = {isa = PBXFileReference; lastKnownFileType = folder.assetcatalog; path = "Preview Assets.xcassets"; sourceTree = "<group>"; };
		07F99CAE24A164F1009FF1C4 /* Info.plist */ = {isa = PBXFileReference; lastKnownFileType = text.plist.xml; path = Info.plist; sourceTree = "<group>"; };
		07F99CB324A164F2009FF1C4 /* MyDemoTests.xctest */ = {isa = PBXFileReference; explicitFileType = wrapper.cfbundle; includeInIndex = 0; path = MyDemoTests.xctest; sourceTree = BUILT_PRODUCTS_DIR; };
		07F99CB724A164F2009FF1C4 /* MyDemoTests.swift */ = {isa = PBXFileReference; lastKnownFileType = sourcecode.swift; path = MyDemoTests.swift; sourceTree = "<group>"; };
		07F99CB924A164F2009FF1C4 /* Info.plist */ = {isa = PBXFileReference; lastKnownFileType = text.plist.xml; path = Info.plist; sourceTree = "<group>"; };
		07F99CBE24A164F2009FF1C4 /* MyDemoUITests.xctest */ = {isa = PBXFileReference; explicitFileType = wrapper.cfbundle; includeInIndex = 0; path = MyDemoUITests.xctest; sourceTree = BUILT_PRODUCTS_DIR; };
		07F99CC224A164F2009FF1C4 /* MyDemoUITests.swift */ = {isa = PBXFileReference; lastKnownFileType = sourcecode.swift; path = MyDemoUITests.swift; sourceTree = "<group>"; };
		07F99CC424A164F2009FF1C4 /* Info.plist */ = {isa = PBXFileReference; lastKnownFileType = text.plist.xml; path = Info.plist; sourceTree = "<group>"; };
/* End PBXFileReference section */

/* Begin PBXFrameworksBuildPhase section */
		071DAB2A24AEB19C006B1F26 /* Frameworks */ = {
			isa = PBXFrameworksBuildPhase;
			buildActionMask = 2147483647;
			files = (
				071DAB3224AEB19C006B1F26 /* SwiftUI.framework in Frameworks */,
				071DAB3024AEB19C006B1F26 /* WidgetKit.framework in Frameworks */,
			);
			runOnlyForDeploymentPostprocessing = 0;
		};
		07F99C9F24A164F0009FF1C4 /* Frameworks */ = {
			isa = PBXFrameworksBuildPhase;
			buildActionMask = 2147483647;
			files = (
			);
			runOnlyForDeploymentPostprocessing = 0;
		};
		07F99CB024A164F2009FF1C4 /* Frameworks */ = {
			isa = PBXFrameworksBuildPhase;
			buildActionMask = 2147483647;
			files = (
			);
			runOnlyForDeploymentPostprocessing = 0;
		};
		07F99CBB24A164F2009FF1C4 /* Frameworks */ = {
			isa = PBXFrameworksBuildPhase;
			buildActionMask = 2147483647;
			files = (
			);
			runOnlyForDeploymentPostprocessing = 0;
		};
/* End PBXFrameworksBuildPhase section */

/* Begin PBXGroup section */
		071DAB2E24AEB19C006B1F26 /* Frameworks */ = {
			isa = PBXGroup;
			children = (
				071DAB2F24AEB19C006B1F26 /* WidgetKit.framework */,
				071DAB3124AEB19C006B1F26 /* SwiftUI.framework */,
			);
			name = Frameworks;
			sourceTree = "<group>";
		};
		071DAB3324AEB19C006B1F26 /* MyDemoWidget */ = {
			isa = PBXGroup;
			children = (
				071DAB3424AEB19C006B1F26 /* CaffeineWidget.swift */,
				071DAB3624AEB19C006B1F26 /* MyDemoWidget.intentdefinition */,
				071DAB3724AEB19E006B1F26 /* Assets.xcassets */,
				071DAB3924AEB19E006B1F26 /* Info.plist */,
				071DAB4324AEB1F8006B1F26 /* CaffeineWidgetView.swift */,
			);
			path = MyDemoWidget;
			sourceTree = "<group>";
		};
		07F99C9924A164F0009FF1C4 = {
			isa = PBXGroup;
			children = (
				07F99CA424A164F0009FF1C4 /* MyDemo */,
				07F99CB624A164F2009FF1C4 /* MyDemoTests */,
				07F99CC124A164F2009FF1C4 /* MyDemoUITests */,
				071DAB3324AEB19C006B1F26 /* MyDemoWidget */,
				071DAB2E24AEB19C006B1F26 /* Frameworks */,
				07F99CA324A164F0009FF1C4 /* Products */,
			);
			sourceTree = "<group>";
		};
		07F99CA324A164F0009FF1C4 /* Products */ = {
			isa = PBXGroup;
			children = (
				07F99CA224A164F0009FF1C4 /* MyDemo.app */,
				07F99CB324A164F2009FF1C4 /* MyDemoTests.xctest */,
				07F99CBE24A164F2009FF1C4 /* MyDemoUITests.xctest */,
				071DAB2D24AEB19C006B1F26 /* MyDemoWidgetExtension.appex */,
			);
			name = Products;
			sourceTree = "<group>";
		};
		07F99CA424A164F0009FF1C4 /* MyDemo */ = {
			isa = PBXGroup;
			children = (
				07F99CA524A164F0009FF1C4 /* MyDemoApp.swift */,
				07F99CA724A164F0009FF1C4 /* ContentView.swift */,
				07F99CA924A164F1009FF1C4 /* Assets.xcassets */,
				07F99CAE24A164F1009FF1C4 /* Info.plist */,
				07F99CAB24A164F1009FF1C4 /* Preview Content */,
			);
			path = MyDemo;
			sourceTree = "<group>";
		};
		07F99CAB24A164F1009FF1C4 /* Preview Content */ = {
			isa = PBXGroup;
			children = (
				07F99CAC24A164F1009FF1C4 /* Preview Assets.xcassets */,
			);
			path = "Preview Content";
			sourceTree = "<group>";
		};
		07F99CB624A164F2009FF1C4 /* MyDemoTests */ = {
			isa = PBXGroup;
			children = (
				07F99CB724A164F2009FF1C4 /* MyDemoTests.swift */,
				07F99CB924A164F2009FF1C4 /* Info.plist */,
			);
			path = MyDemoTests;
			sourceTree = "<group>";
		};
		07F99CC124A164F2009FF1C4 /* MyDemoUITests */ = {
			isa = PBXGroup;
			children = (
				07F99CC224A164F2009FF1C4 /* MyDemoUITests.swift */,
				07F99CC424A164F2009FF1C4 /* Info.plist */,
			);
			path = MyDemoUITests;
			sourceTree = "<group>";
		};
/* End PBXGroup section */

/* Begin PBXNativeTarget section */
		071DAB2C24AEB19C006B1F26 /* MyDemoWidgetExtension */ = {
			isa = PBXNativeTarget;
			buildConfigurationList = 071DAB4224AEB19E006B1F26 /* Build configuration list for PBXNativeTarget "MyDemoWidgetExtension" */;
			buildPhases = (
				071DAB2924AEB19C006B1F26 /* Sources */,
				071DAB2A24AEB19C006B1F26 /* Frameworks */,
				071DAB2B24AEB19C006B1F26 /* Resources */,
			);
			buildRules = (
			);
			dependencies = (
			);
			name = MyDemoWidgetExtension;
			productName = MyDemoWidgetExtension;
			productReference = 071DAB2D24AEB19C006B1F26 /* MyDemoWidgetExtension.appex */;
			productType = "com.apple.product-type.app-extension";
		};
		07F99CA124A164F0009FF1C4 /* MyDemo */ = {
			isa = PBXNativeTarget;
			buildConfigurationList = 07F99CC724A164F2009FF1C4 /* Build configuration list for PBXNativeTarget "MyDemo" */;
			buildPhases = (
				07F99C9E24A164F0009FF1C4 /* Sources */,
				07F99C9F24A164F0009FF1C4 /* Frameworks */,
				07F99CA024A164F0009FF1C4 /* Resources */,
				071DAB3F24AEB19E006B1F26 /* Embed App Extensions */,
			);
			buildRules = (
			);
			dependencies = (
				071DAB3D24AEB19E006B1F26 /* PBXTargetDependency */,
			);
			name = MyDemo;
			productName = MyDemo;
			productReference = 07F99CA224A164F0009FF1C4 /* MyDemo.app */;
			productType = "com.apple.product-type.application";
		};
		07F99CB224A164F2009FF1C4 /* MyDemoTests */ = {
			isa = PBXNativeTarget;
			buildConfigurationList = 07F99CCA24A164F2009FF1C4 /* Build configuration list for PBXNativeTarget "MyDemoTests" */;
			buildPhases = (
				07F99CAF24A164F2009FF1C4 /* Sources */,
				07F99CB024A164F2009FF1C4 /* Frameworks */,
				07F99CB124A164F2009FF1C4 /* Resources */,
			);
			buildRules = (
			);
			dependencies = (
				07F99CB524A164F2009FF1C4 /* PBXTargetDependency */,
			);
			name = MyDemoTests;
			productName = MyDemoTests;
			productReference = 07F99CB324A164F2009FF1C4 /* MyDemoTests.xctest */;
			productType = "com.apple.product-type.bundle.unit-test";
		};
		07F99CBD24A164F2009FF1C4 /* MyDemoUITests */ = {
			isa = PBXNativeTarget;
			buildConfigurationList = 07F99CCD24A164F2009FF1C4 /* Build configuration list for PBXNativeTarget "MyDemoUITests" */;
			buildPhases = (
				07F99CBA24A164F2009FF1C4 /* Sources */,
				07F99CBB24A164F2009FF1C4 /* Frameworks */,
				07F99CBC24A164F2009FF1C4 /* Resources */,
			);
			buildRules = (
			);
			dependencies = (
				07F99CC024A164F2009FF1C4 /* PBXTargetDependency */,
			);
			name = MyDemoUITests;
			productName = MyDemoUITests;
			productReference = 07F99CBE24A164F2009FF1C4 /* MyDemoUITests.xctest */;
			productType = "com.apple.product-type.bundle.ui-testing";
		};
/* End PBXNativeTarget section */

/* Begin PBXProject section */
		07F99C9A24A164F0009FF1C4 /* Project object */ = {
			isa = PBXProject;
			attributes = {
				LastSwiftUpdateCheck = 1200;
				LastUpgradeCheck = 1200;
				TargetAttributes = {
					071DAB2C24AEB19C006B1F26 = {
						CreatedOnToolsVersion = 12.0;
					};
					07F99CA124A164F0009FF1C4 = {
						CreatedOnToolsVersion = 12.0;
					};
					07F99CB224A164F2009FF1C4 = {
						CreatedOnToolsVersion = 12.0;
						TestTargetID = 07F99CA124A164F0009FF1C4;
					};
					07F99CBD24A164F2009FF1C4 = {
						CreatedOnToolsVersion = 12.0;
						TestTargetID = 07F99CA124A164F0009FF1C4;
					};
				};
			};
			buildConfigurationList = 07F99C9D24A164F0009FF1C4 /* Build configuration list for PBXProject "MyDemo" */;
			compatibilityVersion = "Xcode 9.3";
			developmentRegion = en;
			hasScannedForEncodings = 0;
			knownRegions = (
				en,
				Base,
			);
			mainGroup = 07F99C9924A164F0009FF1C4;
			productRefGroup = 07F99CA324A164F0009FF1C4 /* Products */;
			projectDirPath = "";
			projectRoot = "";
			targets = (
				07F99CA124A164F0009FF1C4 /* MyDemo */,
				07F99CB224A164F2009FF1C4 /* MyDemoTests */,
				07F99CBD24A164F2009FF1C4 /* MyDemoUITests */,
				071DAB2C24AEB19C006B1F26 /* MyDemoWidgetExtension */,
			);
		};
/* End PBXProject section */

/* Begin PBXResourcesBuildPhase section */
		071DAB2B24AEB19C006B1F26 /* Resources */ = {
			isa = PBXResourcesBuildPhase;
			buildActionMask = 2147483647;
			files = (
				071DAB3824AEB19E006B1F26 /* Assets.xcassets in Resources */,
			);
			runOnlyForDeploymentPostprocessing = 0;
		};
		07F99CA024A164F0009FF1C4 /* Resources */ = {
			isa = PBXResourcesBuildPhase;
			buildActionMask = 2147483647;
			files = (
				07F99CAD24A164F1009FF1C4 /* Preview Assets.xcassets in Resources */,
				07168B0124B20916009B42E2 /* Assets.xcassets in Resources */,
				07F99CAA24A164F1009FF1C4 /* Assets.xcassets in Resources */,
			);
			runOnlyForDeploymentPostprocessing = 0;
		};
		07F99CB124A164F2009FF1C4 /* Resources */ = {
			isa = PBXResourcesBuildPhase;
			buildActionMask = 2147483647;
			files = (
				07168B0224B20918009B42E2 /* Assets.xcassets in Resources */,
			);
			runOnlyForDeploymentPostprocessing = 0;
		};
		07F99CBC24A164F2009FF1C4 /* Resources */ = {
			isa = PBXResourcesBuildPhase;
			buildActionMask = 2147483647;
			files = (
				07168B0324B20919009B42E2 /* Assets.xcassets in Resources */,
			);
			runOnlyForDeploymentPostprocessing = 0;
		};
/* End PBXResourcesBuildPhase section */

/* Begin PBXSourcesBuildPhase section */
		071DAB2924AEB19C006B1F26 /* Sources */ = {
			isa = PBXSourcesBuildPhase;
			buildActionMask = 2147483647;
			files = (
				071DAB4524AEB1F8006B1F26 /* CaffeineWidgetView.swift in Sources */,
				071DAB3524AEB19C006B1F26 /* CaffeineWidget.swift in Sources */,
				071DAB3A24AEB19E006B1F26 /* MyDemoWidget.intentdefinition in Sources */,
			);
			runOnlyForDeploymentPostprocessing = 0;
		};
		07F99C9E24A164F0009FF1C4 /* Sources */ = {
			isa = PBXSourcesBuildPhase;
			buildActionMask = 2147483647;
			files = (
				071DAB3B24AEB19E006B1F26 /* MyDemoWidget.intentdefinition in Sources */,
				07F99CA824A164F0009FF1C4 /* ContentView.swift in Sources */,
				07F99CA624A164F0009FF1C4 /* MyDemoApp.swift in Sources */,
				0724D1C924AEB46200B2F081 /* CaffeineWidgetView.swift in Sources */,
			);
			runOnlyForDeploymentPostprocessing = 0;
		};
		07F99CAF24A164F2009FF1C4 /* Sources */ = {
			isa = PBXSourcesBuildPhase;
			buildActionMask = 2147483647;
			files = (
				07F99CB824A164F2009FF1C4 /* MyDemoTests.swift in Sources */,
			);
			runOnlyForDeploymentPostprocessing = 0;
		};
		07F99CBA24A164F2009FF1C4 /* Sources */ = {
			isa = PBXSourcesBuildPhase;
			buildActionMask = 2147483647;
			files = (
				07F99CC324A164F2009FF1C4 /* MyDemoUITests.swift in Sources */,
			);
			runOnlyForDeploymentPostprocessing = 0;
		};
/* End PBXSourcesBuildPhase section */

/* Begin PBXTargetDependency section */
		071DAB3D24AEB19E006B1F26 /* PBXTargetDependency */ = {
			isa = PBXTargetDependency;
			target = 071DAB2C24AEB19C006B1F26 /* MyDemoWidgetExtension */;
			targetProxy = 071DAB3C24AEB19E006B1F26 /* PBXContainerItemProxy */;
		};
		07F99CB524A164F2009FF1C4 /* PBXTargetDependency */ = {
			isa = PBXTargetDependency;
			target = 07F99CA124A164F0009FF1C4 /* MyDemo */;
			targetProxy = 07F99CB424A164F2009FF1C4 /* PBXContainerItemProxy */;
		};
		07F99CC024A164F2009FF1C4 /* PBXTargetDependency */ = {
			isa = PBXTargetDependency;
			target = 07F99CA124A164F0009FF1C4 /* MyDemo */;
			targetProxy = 07F99CBF24A164F2009FF1C4 /* PBXContainerItemProxy */;
		};
/* End PBXTargetDependency section */

/* Begin XCBuildConfiguration section */
		071DAB4024AEB19E006B1F26 /* Debug */ = {
			isa = XCBuildConfiguration;
			buildSettings = {
				ASSETCATALOG_COMPILER_GLOBAL_ACCENT_COLOR_NAME = AccentColor;
				ASSETCATALOG_COMPILER_WIDGET_BACKGROUND_COLOR_NAME = WidgetBackground;
				CODE_SIGN_STYLE = Automatic;
				DEVELOPMENT_TEAM = NWP8DQHN5J;
				INFOPLIST_FILE = MyDemoWidget/Info.plist;
				LD_RUNPATH_SEARCH_PATHS = (
					"$(inherited)",
					"@executable_path/Frameworks",
					"@executable_path/../../Frameworks",
				);
				PRODUCT_BUNDLE_IDENTIFIER = com.github.midori2012.MyDemo.MyDemoWidget;
				PRODUCT_NAME = "$(TARGET_NAME)";
				SKIP_INSTALL = YES;
				SWIFT_VERSION = 5.0;
				TARGETED_DEVICE_FAMILY = "1,2";
			};
			name = Debug;
		};
		071DAB4124AEB19E006B1F26 /* Release */ = {
			isa = XCBuildConfiguration;
			buildSettings = {
				ASSETCATALOG_COMPILER_GLOBAL_ACCENT_COLOR_NAME = AccentColor;
				ASSETCATALOG_COMPILER_WIDGET_BACKGROUND_COLOR_NAME = WidgetBackground;
				CODE_SIGN_STYLE = Automatic;
				DEVELOPMENT_TEAM = NWP8DQHN5J;
				INFOPLIST_FILE = MyDemoWidget/Info.plist;
				LD_RUNPATH_SEARCH_PATHS = (
					"$(inherited)",
					"@executable_path/Frameworks",
					"@executable_path/../../Frameworks",
				);
				PRODUCT_BUNDLE_IDENTIFIER = com.github.midori2012.MyDemo.MyDemoWidget;
				PRODUCT_NAME = "$(TARGET_NAME)";
				SKIP_INSTALL = YES;
				SWIFT_VERSION = 5.0;
				TARGETED_DEVICE_FAMILY = "1,2";
			};
			name = Release;
		};
		07F99CC524A164F2009FF1C4 /* Debug */ = {
			isa = XCBuildConfiguration;
			buildSettings = {
				ALWAYS_SEARCH_USER_PATHS = NO;
				CLANG_ANALYZER_NONNULL = YES;
				CLANG_ANALYZER_NUMBER_OBJECT_CONVERSION = YES_AGGRESSIVE;
				CLANG_CXX_LANGUAGE_STANDARD = "gnu++14";
				CLANG_CXX_LIBRARY = "libc++";
				CLANG_ENABLE_MODULES = YES;
				CLANG_ENABLE_OBJC_ARC = YES;
				CLANG_ENABLE_OBJC_WEAK = YES;
				CLANG_WARN_BLOCK_CAPTURE_AUTORELEASING = YES;
				CLANG_WARN_BOOL_CONVERSION = YES;
				CLANG_WARN_COMMA = YES;
				CLANG_WARN_CONSTANT_CONVERSION = YES;
				CLANG_WARN_DEPRECATED_OBJC_IMPLEMENTATIONS = YES;
				CLANG_WARN_DIRECT_OBJC_ISA_USAGE = YES_ERROR;
				CLANG_WARN_DOCUMENTATION_COMMENTS = YES;
				CLANG_WARN_EMPTY_BODY = YES;
				CLANG_WARN_ENUM_CONVERSION = YES;
				CLANG_WARN_INFINITE_RECURSION = YES;
				CLANG_WARN_INT_CONVERSION = YES;
				CLANG_WARN_NON_LITERAL_NULL_CONVERSION = YES;
				CLANG_WARN_OBJC_IMPLICIT_RETAIN_SELF = YES;
				CLANG_WARN_OBJC_LITERAL_CONVERSION = YES;
				CLANG_WARN_OBJC_ROOT_CLASS = YES_ERROR;
				CLANG_WARN_QUOTED_INCLUDE_IN_FRAMEWORK_HEADER = YES;
				CLANG_WARN_RANGE_LOOP_ANALYSIS = YES;
				CLANG_WARN_STRICT_PROTOTYPES = YES;
				CLANG_WARN_SUSPICIOUS_MOVE = YES;
				CLANG_WARN_UNGUARDED_AVAILABILITY = YES_AGGRESSIVE;
				CLANG_WARN_UNREACHABLE_CODE = YES;
				CLANG_WARN__DUPLICATE_METHOD_MATCH = YES;
				COPY_PHASE_STRIP = NO;
				DEBUG_INFORMATION_FORMAT = dwarf;
				ENABLE_STRICT_OBJC_MSGSEND = YES;
				ENABLE_TESTABILITY = YES;
				GCC_C_LANGUAGE_STANDARD = gnu11;
				GCC_DYNAMIC_NO_PIC = NO;
				GCC_NO_COMMON_BLOCKS = YES;
				GCC_OPTIMIZATION_LEVEL = 0;
				GCC_PREPROCESSOR_DEFINITIONS = (
					"DEBUG=1",
					"$(inherited)",
				);
				GCC_WARN_64_TO_32_BIT_CONVERSION = YES;
				GCC_WARN_ABOUT_RETURN_TYPE = YES_ERROR;
				GCC_WARN_UNDECLARED_SELECTOR = YES;
				GCC_WARN_UNINITIALIZED_AUTOS = YES_AGGRESSIVE;
				GCC_WARN_UNUSED_FUNCTION = YES;
				GCC_WARN_UNUSED_VARIABLE = YES;
				IPHONEOS_DEPLOYMENT_TARGET = 14.0;
				MTL_ENABLE_DEBUG_INFO = INCLUDE_SOURCE;
				MTL_FAST_MATH = YES;
				ONLY_ACTIVE_ARCH = YES;
				SDKROOT = iphoneos;
				SWIFT_ACTIVE_COMPILATION_CONDITIONS = DEBUG;
				SWIFT_OPTIMIZATION_LEVEL = "-Onone";
			};
			name = Debug;
		};
		07F99CC624A164F2009FF1C4 /* Release */ = {
			isa = XCBuildConfiguration;
			buildSettings = {
				ALWAYS_SEARCH_USER_PATHS = NO;
				CLANG_ANALYZER_NONNULL = YES;
				CLANG_ANALYZER_NUMBER_OBJECT_CONVERSION = YES_AGGRESSIVE;
				CLANG_CXX_LANGUAGE_STANDARD = "gnu++14";
				CLANG_CXX_LIBRARY = "libc++";
				CLANG_ENABLE_MODULES = YES;
				CLANG_ENABLE_OBJC_ARC = YES;
				CLANG_ENABLE_OBJC_WEAK = YES;
				CLANG_WARN_BLOCK_CAPTURE_AUTORELEASING = YES;
				CLANG_WARN_BOOL_CONVERSION = YES;
				CLANG_WARN_COMMA = YES;
				CLANG_WARN_CONSTANT_CONVERSION = YES;
				CLANG_WARN_DEPRECATED_OBJC_IMPLEMENTATIONS = YES;
				CLANG_WARN_DIRECT_OBJC_ISA_USAGE = YES_ERROR;
				CLANG_WARN_DOCUMENTATION_COMMENTS = YES;
				CLANG_WARN_EMPTY_BODY = YES;
				CLANG_WARN_ENUM_CONVERSION = YES;
				CLANG_WARN_INFINITE_RECURSION = YES;
				CLANG_WARN_INT_CONVERSION = YES;
				CLANG_WARN_NON_LITERAL_NULL_CONVERSION = YES;
				CLANG_WARN_OBJC_IMPLICIT_RETAIN_SELF = YES;
				CLANG_WARN_OBJC_LITERAL_CONVERSION = YES;
				CLANG_WARN_OBJC_ROOT_CLASS = YES_ERROR;
				CLANG_WARN_QUOTED_INCLUDE_IN_FRAMEWORK_HEADER = YES;
				CLANG_WARN_RANGE_LOOP_ANALYSIS = YES;
				CLANG_WARN_STRICT_PROTOTYPES = YES;
				CLANG_WARN_SUSPICIOUS_MOVE = YES;
				CLANG_WARN_UNGUARDED_AVAILABILITY = YES_AGGRESSIVE;
				CLANG_WARN_UNREACHABLE_CODE = YES;
				CLANG_WARN__DUPLICATE_METHOD_MATCH = YES;
				COPY_PHASE_STRIP = NO;
				DEBUG_INFORMATION_FORMAT = "dwarf-with-dsym";
				ENABLE_NS_ASSERTIONS = NO;
				ENABLE_STRICT_OBJC_MSGSEND = YES;
				GCC_C_LANGUAGE_STANDARD = gnu11;
				GCC_NO_COMMON_BLOCKS = YES;
				GCC_WARN_64_TO_32_BIT_CONVERSION = YES;
				GCC_WARN_ABOUT_RETURN_TYPE = YES_ERROR;
				GCC_WARN_UNDECLARED_SELECTOR = YES;
				GCC_WARN_UNINITIALIZED_AUTOS = YES_AGGRESSIVE;
				GCC_WARN_UNUSED_FUNCTION = YES;
				GCC_WARN_UNUSED_VARIABLE = YES;
				IPHONEOS_DEPLOYMENT_TARGET = 14.0;
				MTL_ENABLE_DEBUG_INFO = NO;
				MTL_FAST_MATH = YES;
				SDKROOT = iphoneos;
				SWIFT_COMPILATION_MODE = wholemodule;
				SWIFT_OPTIMIZATION_LEVEL = "-O";
				VALIDATE_PRODUCT = YES;
			};
			name = Release;
		};
		07F99CC824A164F2009FF1C4 /* Debug */ = {
			isa = XCBuildConfiguration;
			buildSettings = {
				ALWAYS_EMBED_SWIFT_STANDARD_LIBRARIES = YES;
				ASSETCATALOG_COMPILER_APPICON_NAME = AppIcon;
				ASSETCATALOG_COMPILER_GLOBAL_ACCENT_COLOR_NAME = AccentColor;
				CODE_SIGN_STYLE = Automatic;
				DEVELOPMENT_ASSET_PATHS = "\"MyDemo/Preview Content\"";
				DEVELOPMENT_TEAM = NWP8DQHN5J;
				ENABLE_PREVIEWS = YES;
				INFOPLIST_FILE = MyDemo/Info.plist;
				IPHONEOS_DEPLOYMENT_TARGET = 14.0;
				LD_RUNPATH_SEARCH_PATHS = (
					"$(inherited)",
					"@executable_path/Frameworks",
				);
				PRODUCT_BUNDLE_IDENTIFIER = com.github.midori2012.MyDemo;
				PRODUCT_NAME = "$(TARGET_NAME)";
				SWIFT_VERSION = 5.0;
				TARGETED_DEVICE_FAMILY = "1,2";
			};
			name = Debug;
		};
		07F99CC924A164F2009FF1C4 /* Release */ = {
			isa = XCBuildConfiguration;
			buildSettings = {
				ALWAYS_EMBED_SWIFT_STANDARD_LIBRARIES = YES;
				ASSETCATALOG_COMPILER_APPICON_NAME = AppIcon;
				ASSETCATALOG_COMPILER_GLOBAL_ACCENT_COLOR_NAME = AccentColor;
				CODE_SIGN_STYLE = Automatic;
				DEVELOPMENT_ASSET_PATHS = "\"MyDemo/Preview Content\"";
				DEVELOPMENT_TEAM = NWP8DQHN5J;
				ENABLE_PREVIEWS = YES;
				INFOPLIST_FILE = MyDemo/Info.plist;
				IPHONEOS_DEPLOYMENT_TARGET = 14.0;
				LD_RUNPATH_SEARCH_PATHS = (
					"$(inherited)",
					"@executable_path/Frameworks",
				);
				PRODUCT_BUNDLE_IDENTIFIER = com.github.midori2012.MyDemo;
				PRODUCT_NAME = "$(TARGET_NAME)";
				SWIFT_VERSION = 5.0;
				TARGETED_DEVICE_FAMILY = "1,2";
			};
			name = Release;
		};
		07F99CCB24A164F2009FF1C4 /* Debug */ = {
			isa = XCBuildConfiguration;
			buildSettings = {
				ALWAYS_EMBED_SWIFT_STANDARD_LIBRARIES = YES;
				BUNDLE_LOADER = "$(TEST_HOST)";
				CODE_SIGN_STYLE = Automatic;
				DEVELOPMENT_TEAM = NWP8DQHN5J;
				INFOPLIST_FILE = MyDemoTests/Info.plist;
				IPHONEOS_DEPLOYMENT_TARGET = 14.0;
				LD_RUNPATH_SEARCH_PATHS = (
					"$(inherited)",
					"@executable_path/Frameworks",
					"@loader_path/Frameworks",
				);
				PRODUCT_BUNDLE_IDENTIFIER = com.github.midori2012.MyDemoTests;
				PRODUCT_NAME = "$(TARGET_NAME)";
				SWIFT_VERSION = 5.0;
				TARGETED_DEVICE_FAMILY = "1,2";
				TEST_HOST = "$(BUILT_PRODUCTS_DIR)/MyDemo.app/MyDemo";
			};
			name = Debug;
		};
		07F99CCC24A164F2009FF1C4 /* Release */ = {
			isa = XCBuildConfiguration;
			buildSettings = {
				ALWAYS_EMBED_SWIFT_STANDARD_LIBRARIES = YES;
				BUNDLE_LOADER = "$(TEST_HOST)";
				CODE_SIGN_STYLE = Automatic;
				DEVELOPMENT_TEAM = NWP8DQHN5J;
				INFOPLIST_FILE = MyDemoTests/Info.plist;
				IPHONEOS_DEPLOYMENT_TARGET = 14.0;
				LD_RUNPATH_SEARCH_PATHS = (
					"$(inherited)",
					"@executable_path/Frameworks",
					"@loader_path/Frameworks",
				);
				PRODUCT_BUNDLE_IDENTIFIER = com.github.midori2012.MyDemoTests;
				PRODUCT_NAME = "$(TARGET_NAME)";
				SWIFT_VERSION = 5.0;
				TARGETED_DEVICE_FAMILY = "1,2";
				TEST_HOST = "$(BUILT_PRODUCTS_DIR)/MyDemo.app/MyDemo";
			};
			name = Release;
		};
		07F99CCE24A164F2009FF1C4 /* Debug */ = {
			isa = XCBuildConfiguration;
			buildSettings = {
				ALWAYS_EMBED_SWIFT_STANDARD_LIBRARIES = YES;
				CODE_SIGN_STYLE = Automatic;
				DEVELOPMENT_TEAM = NWP8DQHN5J;
				INFOPLIST_FILE = MyDemoUITests/Info.plist;
				LD_RUNPATH_SEARCH_PATHS = (
					"$(inherited)",
					"@executable_path/Frameworks",
					"@loader_path/Frameworks",
				);
				PRODUCT_BUNDLE_IDENTIFIER = com.github.midori2012.MyDemoUITests;
				PRODUCT_NAME = "$(TARGET_NAME)";
				SWIFT_VERSION = 5.0;
				TARGETED_DEVICE_FAMILY = "1,2";
				TEST_TARGET_NAME = MyDemo;
			};
			name = Debug;
		};
		07F99CCF24A164F2009FF1C4 /* Release */ = {
			isa = XCBuildConfiguration;
			buildSettings = {
				ALWAYS_EMBED_SWIFT_STANDARD_LIBRARIES = YES;
				CODE_SIGN_STYLE = Automatic;
				DEVELOPMENT_TEAM = NWP8DQHN5J;
				INFOPLIST_FILE = MyDemoUITests/Info.plist;
				LD_RUNPATH_SEARCH_PATHS = (
					"$(inherited)",
					"@executable_path/Frameworks",
					"@loader_path/Frameworks",
				);
				PRODUCT_BUNDLE_IDENTIFIER = com.github.midori2012.MyDemoUITests;
				PRODUCT_NAME = "$(TARGET_NAME)";
				SWIFT_VERSION = 5.0;
				TARGETED_DEVICE_FAMILY = "1,2";
				TEST_TARGET_NAME = MyDemo;
			};
			name = Release;
		};
/* End XCBuildConfiguration section */

/* Begin XCConfigurationList section */
		071DAB4224AEB19E006B1F26 /* Build configuration list for PBXNativeTarget "MyDemoWidgetExtension" */ = {
			isa = XCConfigurationList;
			buildConfigurations = (
				071DAB4024AEB19E006B1F26 /* Debug */,
				071DAB4124AEB19E006B1F26 /* Release */,
			);
			defaultConfigurationIsVisible = 0;
			defaultConfigurationName = Release;
		};
		07F99C9D24A164F0009FF1C4 /* Build configuration list for PBXProject "MyDemo" */ = {
			isa = XCConfigurationList;
			buildConfigurations = (
				07F99CC524A164F2009FF1C4 /* Debug */,
				07F99CC624A164F2009FF1C4 /* Release */,
			);
			defaultConfigurationIsVisible = 0;
			defaultConfigurationName = Release;
		};
		07F99CC724A164F2009FF1C4 /* Build configuration list for PBXNativeTarget "MyDemo" */ = {
			isa = XCConfigurationList;
			buildConfigurations = (
				07F99CC824A164F2009FF1C4 /* Debug */,
				07F99CC924A164F2009FF1C4 /* Release */,
			);
			defaultConfigurationIsVisible = 0;
			defaultConfigurationName = Release;
		};
		07F99CCA24A164F2009FF1C4 /* Build configuration list for PBXNativeTarget "MyDemoTests" */ = {
			isa = XCConfigurationList;
			buildConfigurations = (
				07F99CCB24A164F2009FF1C4 /* Debug */,
				07F99CCC24A164F2009FF1C4 /* Release */,
			);
			defaultConfigurationIsVisible = 0;
			defaultConfigurationName = Release;
		};
		07F99CCD24A164F2009FF1C4 /* Build configuration list for PBXNativeTarget "MyDemoUITests" */ = {
			isa = XCConfigurationList;
			buildConfigurations = (
				07F99CCE24A164F2009FF1C4 /* Debug */,
				07F99CCF24A164F2009FF1C4 /* Release */,
			);
			defaultConfigurationIsVisible = 0;
			defaultConfigurationName = Release;
		};
/* End XCConfigurationList section */
	};
	rootObject = 07F99C9A24A164F0009FF1C4 /* Project object */;
}
