// !$*UTF8*$!
{
	archiveVersion = 1;
	classes = {
	};
	objectVersion = 50;
	objects = {

/* Begin PBXBuildFile section */
		07168AD324B1F6B4009B42E2 /* PortfolioApp.swift in Sources */ = {isa = PBXBuildFile; fileRef = 07168AD224B1F6B4009B42E2 /* PortfolioApp.swift */; };
		07168AD524B1F6B4009B42E2 /* ContentView.swift in Sources */ = {isa = PBXBuildFile; fileRef = 07168AD424B1F6B4009B42E2 /* ContentView.swift */; };
		07168AD724B1F6B6009B42E2 /* Assets.xcassets in Resources */ = {isa = PBXBuildFile; fileRef = 07168AD624B1F6B6009B42E2 /* Assets.xcassets */; };
		07168ADA24B1F6B6009B42E2 /* Preview Assets.xcassets in Resources */ = {isa = PBXBuildFile; fileRef = 07168AD924B1F6B6009B42E2 /* Preview Assets.xcassets */; };
		07168AE324B1FCB3009B42E2 /* LaunchScreen.storyboard in Resources */ = {isa = PBXBuildFile; fileRef = 07168AE524B1FCB3009B42E2 /* LaunchScreen.storyboard */; };
		07168AED24B204DA009B42E2 /* WidgetKit.framework in Frameworks */ = {isa = PBXBuildFile; fileRef = 07168AEC24B204DA009B42E2 /* WidgetKit.framework */; };
		07168AEF24B204DA009B42E2 /* SwiftUI.framework in Frameworks */ = {isa = PBXBuildFile; fileRef = 07168AEE24B204DA009B42E2 /* SwiftUI.framework */; };
		07168AF224B204DA009B42E2 /* PortfolioWidget.swift in Sources */ = {isa = PBXBuildFile; fileRef = 07168AF124B204DA009B42E2 /* PortfolioWidget.swift */; };
		07168AF524B204DB009B42E2 /* Assets.xcassets in Resources */ = {isa = PBXBuildFile; fileRef = 07168AF424B204DB009B42E2 /* Assets.xcassets */; };
		07168AF724B204DB009B42E2 /* PortfolioWidget.intentdefinition in Sources */ = {isa = PBXBuildFile; fileRef = 07168AF324B204DA009B42E2 /* PortfolioWidget.intentdefinition */; };
		07168AF824B204DB009B42E2 /* PortfolioWidget.intentdefinition in Sources */ = {isa = PBXBuildFile; fileRef = 07168AF324B204DA009B42E2 /* PortfolioWidget.intentdefinition */; };
		07168AFB24B204DB009B42E2 /* PortfolioWidgetExtension.appex in Embed App Extensions */ = {isa = PBXBuildFile; fileRef = 07168AEA24B204DA009B42E2 /* PortfolioWidgetExtension.appex */; settings = {ATTRIBUTES = (RemoveHeadersOnCopy, ); }; };
		07168B0624B20B87009B42E2 /* PortfolioView.swift in Sources */ = {isa = PBXBuildFile; fileRef = 07168B0424B20B87009B42E2 /* PortfolioView.swift */; };
		07168B0824B20C45009B42E2 /* PortfolioDetail.swift in Sources */ = {isa = PBXBuildFile; fileRef = 07168B0724B20C45009B42E2 /* PortfolioDetail.swift */; };
		07168B0924B20C45009B42E2 /* PortfolioDetail.swift in Sources */ = {isa = PBXBuildFile; fileRef = 07168B0724B20C45009B42E2 /* PortfolioDetail.swift */; };
		07168B0A24B20D0E009B42E2 /* Assets.xcassets in Resources */ = {isa = PBXBuildFile; fileRef = 07168AD624B1F6B6009B42E2 /* Assets.xcassets */; };
		07168B1024B21153009B42E2 /* PortfolioView.swift in Sources */ = {isa = PBXBuildFile; fileRef = 07168B0424B20B87009B42E2 /* PortfolioView.swift */; };
		07168B1224B2128F009B42E2 /* PortfolioNameView.swift in Sources */ = {isa = PBXBuildFile; fileRef = 07168B0B24B2104B009B42E2 /* PortfolioNameView.swift */; };
		07168B1324B21296009B42E2 /* PortfolioNameView.swift in Sources */ = {isa = PBXBuildFile; fileRef = 07168B0B24B2104B009B42E2 /* PortfolioNameView.swift */; };
		07168B5124B29F51009B42E2 /* IntentHandler.swift in Sources */ = {isa = PBXBuildFile; fileRef = 07168B5024B29F51009B42E2 /* IntentHandler.swift */; };
		07168B5524B29F51009B42E2 /* PortfolioNameIntentHandler.appex in Embed App Extensions */ = {isa = PBXBuildFile; fileRef = 07168B4E24B29F51009B42E2 /* PortfolioNameIntentHandler.appex */; settings = {ATTRIBUTES = (RemoveHeadersOnCopy, ); }; };
		07168B5924B29F5F009B42E2 /* PortfolioWidget.intentdefinition in Sources */ = {isa = PBXBuildFile; fileRef = 07168AF324B204DA009B42E2 /* PortfolioWidget.intentdefinition */; };
		07168B5A24B29F66009B42E2 /* PortfolioDetail.swift in Sources */ = {isa = PBXBuildFile; fileRef = 07168B0724B20C45009B42E2 /* PortfolioDetail.swift */; };
/* End PBXBuildFile section */

/* Begin PBXContainerItemProxy section */
		07168AF924B204DB009B42E2 /* PBXContainerItemProxy */ = {
			isa = PBXContainerItemProxy;
			containerPortal = 07168AC724B1F6B4009B42E2 /* Project object */;
			proxyType = 1;
			remoteGlobalIDString = 07168AE924B204DA009B42E2;
			remoteInfo = PortfolioWidgetExtension;
		};
		07168B5324B29F51009B42E2 /* PBXContainerItemProxy */ = {
			isa = PBXContainerItemProxy;
			containerPortal = 07168AC724B1F6B4009B42E2 /* Project object */;
			proxyType = 1;
			remoteGlobalIDString = 07168B4D24B29F51009B42E2;
			remoteInfo = PortfolioNameIntentHandler;
		};
/* End PBXContainerItemProxy section */

/* Begin PBXCopyFilesBuildPhase section */
		07168AFF24B204DB009B42E2 /* Embed App Extensions */ = {
			isa = PBXCopyFilesBuildPhase;
			buildActionMask = 2147483647;
			dstPath = "";
			dstSubfolderSpec = 13;
			files = (
				07168B5524B29F51009B42E2 /* PortfolioNameIntentHandler.appex in Embed App Extensions */,
				07168AFB24B204DB009B42E2 /* PortfolioWidgetExtension.appex in Embed App Extensions */,
			);
			name = "Embed App Extensions";
			runOnlyForDeploymentPostprocessing = 0;
		};
/* End PBXCopyFilesBuildPhase section */

/* Begin PBXFileReference section */
		07168ACF24B1F6B4009B42E2 /* Portfolio.app */ = {isa = PBXFileReference; explicitFileType = wrapper.application; includeInIndex = 0; path = Portfolio.app; sourceTree = BUILT_PRODUCTS_DIR; };
		07168AD224B1F6B4009B42E2 /* PortfolioApp.swift */ = {isa = PBXFileReference; lastKnownFileType = sourcecode.swift; path = PortfolioApp.swift; sourceTree = "<group>"; };
		07168AD424B1F6B4009B42E2 /* ContentView.swift */ = {isa = PBXFileReference; lastKnownFileType = sourcecode.swift; path = ContentView.swift; sourceTree = "<group>"; };
		07168AD624B1F6B6009B42E2 /* Assets.xcassets */ = {isa = PBXFileReference; lastKnownFileType = folder.assetcatalog; path = Assets.xcassets; sourceTree = "<group>"; };
		07168AD924B1F6B6009B42E2 /* Preview Assets.xcassets */ = {isa = PBXFileReference; lastKnownFileType = folder.assetcatalog; path = "Preview Assets.xcassets"; sourceTree = "<group>"; };
		07168ADB24B1F6B6009B42E2 /* Info.plist */ = {isa = PBXFileReference; lastKnownFileType = text.plist.xml; path = Info.plist; sourceTree = "<group>"; };
		07168AE424B1FCB3009B42E2 /* Base */ = {isa = PBXFileReference; lastKnownFileType = file.storyboard; name = Base; path = Base.lproj/LaunchScreen.storyboard; sourceTree = "<group>"; };
		07168AEA24B204DA009B42E2 /* PortfolioWidgetExtension.appex */ = {isa = PBXFileReference; explicitFileType = "wrapper.app-extension"; includeInIndex = 0; path = PortfolioWidgetExtension.appex; sourceTree = BUILT_PRODUCTS_DIR; };
		07168AEC24B204DA009B42E2 /* WidgetKit.framework */ = {isa = PBXFileReference; lastKnownFileType = wrapper.framework; name = WidgetKit.framework; path = System/Library/Frameworks/WidgetKit.framework; sourceTree = SDKROOT; };
		07168AEE24B204DA009B42E2 /* SwiftUI.framework */ = {isa = PBXFileReference; lastKnownFileType = wrapper.framework; name = SwiftUI.framework; path = System/Library/Frameworks/SwiftUI.framework; sourceTree = SDKROOT; };
		07168AF124B204DA009B42E2 /* PortfolioWidget.swift */ = {isa = PBXFileReference; lastKnownFileType = sourcecode.swift; path = PortfolioWidget.swift; sourceTree = "<group>"; };
		07168AF324B204DA009B42E2 /* PortfolioWidget.intentdefinition */ = {isa = PBXFileReference; lastKnownFileType = file.intentdefinition; path = PortfolioWidget.intentdefinition; sourceTree = "<group>"; };
		07168AF424B204DB009B42E2 /* Assets.xcassets */ = {isa = PBXFileReference; lastKnownFileType = folder.assetcatalog; path = Assets.xcassets; sourceTree = "<group>"; };
		07168AF624B204DB009B42E2 /* Info.plist */ = {isa = PBXFileReference; lastKnownFileType = text.plist.xml; path = Info.plist; sourceTree = "<group>"; };
		07168B0424B20B87009B42E2 /* PortfolioView.swift */ = {isa = PBXFileReference; lastKnownFileType = sourcecode.swift; path = PortfolioView.swift; sourceTree = "<group>"; };
		07168B0724B20C45009B42E2 /* PortfolioDetail.swift */ = {isa = PBXFileReference; lastKnownFileType = sourcecode.swift; path = PortfolioDetail.swift; sourceTree = "<group>"; };
		07168B0B24B2104B009B42E2 /* PortfolioNameView.swift */ = {isa = PBXFileReference; lastKnownFileType = sourcecode.swift; path = PortfolioNameView.swift; sourceTree = "<group>"; };
		07168B2224B29BDE009B42E2 /* IntentsUI.framework */ = {isa = PBXFileReference; lastKnownFileType = wrapper.framework; name = IntentsUI.framework; path = System/Library/Frameworks/IntentsUI.framework; sourceTree = SDKROOT; };
		07168B4E24B29F51009B42E2 /* PortfolioNameIntentHandler.appex */ = {isa = PBXFileReference; explicitFileType = "wrapper.app-extension"; includeInIndex = 0; path = PortfolioNameIntentHandler.appex; sourceTree = BUILT_PRODUCTS_DIR; };
		07168B5024B29F51009B42E2 /* IntentHandler.swift */ = {isa = PBXFileReference; lastKnownFileType = sourcecode.swift; path = IntentHandler.swift; sourceTree = "<group>"; };
		07168B5224B29F51009B42E2 /* Info.plist */ = {isa = PBXFileReference; lastKnownFileType = text.plist.xml; path = Info.plist; sourceTree = "<group>"; };
/* End PBXFileReference section */

/* Begin PBXFrameworksBuildPhase section */
		07168ACC24B1F6B4009B42E2 /* Frameworks */ = {
			isa = PBXFrameworksBuildPhase;
			buildActionMask = 2147483647;
			files = (
			);
			runOnlyForDeploymentPostprocessing = 0;
		};
		07168AE724B204DA009B42E2 /* Frameworks */ = {
			isa = PBXFrameworksBuildPhase;
			buildActionMask = 2147483647;
			files = (
				07168AEF24B204DA009B42E2 /* SwiftUI.framework in Frameworks */,
				07168AED24B204DA009B42E2 /* WidgetKit.framework in Frameworks */,
			);
			runOnlyForDeploymentPostprocessing = 0;
		};
		07168B4B24B29F51009B42E2 /* Frameworks */ = {
			isa = PBXFrameworksBuildPhase;
			buildActionMask = 2147483647;
			files = (
			);
			runOnlyForDeploymentPostprocessing = 0;
		};
/* End PBXFrameworksBuildPhase section */

/* Begin PBXGroup section */
		07168AC624B1F6B4009B42E2 = {
			isa = PBXGroup;
			children = (
				07168AD124B1F6B4009B42E2 /* Portfolio */,
				07168AF024B204DA009B42E2 /* PortfolioWidget */,
				07168B4F24B29F51009B42E2 /* PortfolioNameIntentHandler */,
				07168AEB24B204DA009B42E2 /* Frameworks */,
				07168AD024B1F6B4009B42E2 /* Products */,
			);
			sourceTree = "<group>";
		};
		07168AD024B1F6B4009B42E2 /* Products */ = {
			isa = PBXGroup;
			children = (
				07168ACF24B1F6B4009B42E2 /* Portfolio.app */,
				07168AEA24B204DA009B42E2 /* PortfolioWidgetExtension.appex */,
				07168B4E24B29F51009B42E2 /* PortfolioNameIntentHandler.appex */,
			);
			name = Products;
			sourceTree = "<group>";
		};
		07168AD124B1F6B4009B42E2 /* Portfolio */ = {
			isa = PBXGroup;
			children = (
				07168AD224B1F6B4009B42E2 /* PortfolioApp.swift */,
				07168AD424B1F6B4009B42E2 /* ContentView.swift */,
				07168B0724B20C45009B42E2 /* PortfolioDetail.swift */,
				07168AD624B1F6B6009B42E2 /* Assets.xcassets */,
				07168ADB24B1F6B6009B42E2 /* Info.plist */,
				07168AD824B1F6B6009B42E2 /* Preview Content */,
				07168AE524B1FCB3009B42E2 /* LaunchScreen.storyboard */,
			);
			path = Portfolio;
			sourceTree = "<group>";
		};
		07168AD824B1F6B6009B42E2 /* Preview Content */ = {
			isa = PBXGroup;
			children = (
				07168AD924B1F6B6009B42E2 /* Preview Assets.xcassets */,
			);
			path = "Preview Content";
			sourceTree = "<group>";
		};
		07168AEB24B204DA009B42E2 /* Frameworks */ = {
			isa = PBXGroup;
			children = (
				07168AEC24B204DA009B42E2 /* WidgetKit.framework */,
				07168AEE24B204DA009B42E2 /* SwiftUI.framework */,
				07168B2224B29BDE009B42E2 /* IntentsUI.framework */,
			);
			name = Frameworks;
			sourceTree = "<group>";
		};
		07168AF024B204DA009B42E2 /* PortfolioWidget */ = {
			isa = PBXGroup;
			children = (
				07168AF124B204DA009B42E2 /* PortfolioWidget.swift */,
				07168B0424B20B87009B42E2 /* PortfolioView.swift */,
				07168B0B24B2104B009B42E2 /* PortfolioNameView.swift */,
				07168AF324B204DA009B42E2 /* PortfolioWidget.intentdefinition */,
				07168AF424B204DB009B42E2 /* Assets.xcassets */,
				07168AF624B204DB009B42E2 /* Info.plist */,
			);
			path = PortfolioWidget;
			sourceTree = "<group>";
		};
		07168B4F24B29F51009B42E2 /* PortfolioNameIntentHandler */ = {
			isa = PBXGroup;
			children = (
				07168B5024B29F51009B42E2 /* IntentHandler.swift */,
				07168B5224B29F51009B42E2 /* Info.plist */,
			);
			path = PortfolioNameIntentHandler;
			sourceTree = "<group>";
		};
/* End PBXGroup section */

/* Begin PBXNativeTarget section */
		07168ACE24B1F6B4009B42E2 /* Portfolio */ = {
			isa = PBXNativeTarget;
			buildConfigurationList = 07168ADE24B1F6B6009B42E2 /* Build configuration list for PBXNativeTarget "Portfolio" */;
			buildPhases = (
				07168ACB24B1F6B4009B42E2 /* Sources */,
				07168ACC24B1F6B4009B42E2 /* Frameworks */,
				07168ACD24B1F6B4009B42E2 /* Resources */,
				07168AFF24B204DB009B42E2 /* Embed App Extensions */,
			);
			buildRules = (
			);
			dependencies = (
				07168AFA24B204DB009B42E2 /* PBXTargetDependency */,
				07168B5424B29F51009B42E2 /* PBXTargetDependency */,
			);
			name = Portfolio;
			productName = Portfolio;
			productReference = 07168ACF24B1F6B4009B42E2 /* Portfolio.app */;
			productType = "com.apple.product-type.application";
		};
		07168AE924B204DA009B42E2 /* PortfolioWidgetExtension */ = {
			isa = PBXNativeTarget;
			buildConfigurationList = 07168AFC24B204DB009B42E2 /* Build configuration list for PBXNativeTarget "PortfolioWidgetExtension" */;
			buildPhases = (
				07168AE624B204DA009B42E2 /* Sources */,
				07168AE724B204DA009B42E2 /* Frameworks */,
				07168AE824B204DA009B42E2 /* Resources */,
			);
			buildRules = (
			);
			dependencies = (
			);
			name = PortfolioWidgetExtension;
			productName = PortfolioWidgetExtension;
			productReference = 07168AEA24B204DA009B42E2 /* PortfolioWidgetExtension.appex */;
			productType = "com.apple.product-type.app-extension";
		};
		07168B4D24B29F51009B42E2 /* PortfolioNameIntentHandler */ = {
			isa = PBXNativeTarget;
			buildConfigurationList = 07168B5624B29F51009B42E2 /* Build configuration list for PBXNativeTarget "PortfolioNameIntentHandler" */;
			buildPhases = (
				07168B4A24B29F51009B42E2 /* Sources */,
				07168B4B24B29F51009B42E2 /* Frameworks */,
				07168B4C24B29F51009B42E2 /* Resources */,
			);
			buildRules = (
			);
			dependencies = (
			);
			name = PortfolioNameIntentHandler;
			productName = PortfolioNameIntentHandler;
			productReference = 07168B4E24B29F51009B42E2 /* PortfolioNameIntentHandler.appex */;
			productType = "com.apple.product-type.app-extension";
		};
/* End PBXNativeTarget section */

/* Begin PBXProject section */
		07168AC724B1F6B4009B42E2 /* Project object */ = {
			isa = PBXProject;
			attributes = {
				LastSwiftUpdateCheck = 1200;
				LastUpgradeCheck = 1200;
				TargetAttributes = {
					07168ACE24B1F6B4009B42E2 = {
						CreatedOnToolsVersion = 12.0;
					};
					07168AE924B204DA009B42E2 = {
						CreatedOnToolsVersion = 12.0;
					};
					07168B4D24B29F51009B42E2 = {
						CreatedOnToolsVersion = 12.0;
					};
				};
			};
			buildConfigurationList = 07168ACA24B1F6B4009B42E2 /* Build configuration list for PBXProject "Portfolio" */;
			compatibilityVersion = "Xcode 9.3";
			developmentRegion = en;
			hasScannedForEncodings = 0;
			knownRegions = (
				en,
				Base,
			);
			mainGroup = 07168AC624B1F6B4009B42E2;
			productRefGroup = 07168AD024B1F6B4009B42E2 /* Products */;
			projectDirPath = "";
			projectRoot = "";
			targets = (
				07168ACE24B1F6B4009B42E2 /* Portfolio */,
				07168AE924B204DA009B42E2 /* PortfolioWidgetExtension */,
				07168B4D24B29F51009B42E2 /* PortfolioNameIntentHandler */,
			);
		};
/* End PBXProject section */

/* Begin PBXResourcesBuildPhase section */
		07168ACD24B1F6B4009B42E2 /* Resources */ = {
			isa = PBXResourcesBuildPhase;
			buildActionMask = 2147483647;
			files = (
				07168AE324B1FCB3009B42E2 /* LaunchScreen.storyboard in Resources */,
				07168ADA24B1F6B6009B42E2 /* Preview Assets.xcassets in Resources */,
				07168AD724B1F6B6009B42E2 /* Assets.xcassets in Resources */,
			);
			runOnlyForDeploymentPostprocessing = 0;
		};
		07168AE824B204DA009B42E2 /* Resources */ = {
			isa = PBXResourcesBuildPhase;
			buildActionMask = 2147483647;
			files = (
				07168B0A24B20D0E009B42E2 /* Assets.xcassets in Resources */,
				07168AF524B204DB009B42E2 /* Assets.xcassets in Resources */,
			);
			runOnlyForDeploymentPostprocessing = 0;
		};
		07168B4C24B29F51009B42E2 /* Resources */ = {
			isa = PBXResourcesBuildPhase;
			buildActionMask = 2147483647;
			files = (
			);
			runOnlyForDeploymentPostprocessing = 0;
		};
/* End PBXResourcesBuildPhase section */

/* Begin PBXSourcesBuildPhase section */
		07168ACB24B1F6B4009B42E2 /* Sources */ = {
			isa = PBXSourcesBuildPhase;
			buildActionMask = 2147483647;
			files = (
				07168AD524B1F6B4009B42E2 /* ContentView.swift in Sources */,
				07168B1024B21153009B42E2 /* PortfolioView.swift in Sources */,
				07168AF824B204DB009B42E2 /* PortfolioWidget.intentdefinition in Sources */,
				07168AD324B1F6B4009B42E2 /* PortfolioApp.swift in Sources */,
				07168B1224B2128F009B42E2 /* PortfolioNameView.swift in Sources */,
				07168B0824B20C45009B42E2 /* PortfolioDetail.swift in Sources */,
			);
			runOnlyForDeploymentPostprocessing = 0;
		};
		07168AE624B204DA009B42E2 /* Sources */ = {
			isa = PBXSourcesBuildPhase;
			buildActionMask = 2147483647;
			files = (
				07168AF724B204DB009B42E2 /* PortfolioWidget.intentdefinition in Sources */,
				07168B0924B20C45009B42E2 /* PortfolioDetail.swift in Sources */,
				07168B1324B21296009B42E2 /* PortfolioNameView.swift in Sources */,
				07168B0624B20B87009B42E2 /* PortfolioView.swift in Sources */,
				07168AF224B204DA009B42E2 /* PortfolioWidget.swift in Sources */,
			);
			runOnlyForDeploymentPostprocessing = 0;
		};
		07168B4A24B29F51009B42E2 /* Sources */ = {
			isa = PBXSourcesBuildPhase;
			buildActionMask = 2147483647;
			files = (
				07168B5924B29F5F009B42E2 /* PortfolioWidget.intentdefinition in Sources */,
				07168B5A24B29F66009B42E2 /* PortfolioDetail.swift in Sources */,
				07168B5124B29F51009B42E2 /* IntentHandler.swift in Sources */,
			);
			runOnlyForDeploymentPostprocessing = 0;
		};
/* End PBXSourcesBuildPhase section */

/* Begin PBXTargetDependency section */
		07168AFA24B204DB009B42E2 /* PBXTargetDependency */ = {
			isa = PBXTargetDependency;
			target = 07168AE924B204DA009B42E2 /* PortfolioWidgetExtension */;
			targetProxy = 07168AF924B204DB009B42E2 /* PBXContainerItemProxy */;
		};
		07168B5424B29F51009B42E2 /* PBXTargetDependency */ = {
			isa = PBXTargetDependency;
			target = 07168B4D24B29F51009B42E2 /* PortfolioNameIntentHandler */;
			targetProxy = 07168B5324B29F51009B42E2 /* PBXContainerItemProxy */;
		};
/* End PBXTargetDependency section */

/* Begin PBXVariantGroup section */
		07168AE524B1FCB3009B42E2 /* LaunchScreen.storyboard */ = {
			isa = PBXVariantGroup;
			children = (
				07168AE424B1FCB3009B42E2 /* Base */,
			);
			name = LaunchScreen.storyboard;
			sourceTree = "<group>";
		};
/* End PBXVariantGroup section */

/* Begin XCBuildConfiguration section */
		07168ADC24B1F6B6009B42E2 /* Debug */ = {
			isa = XCBuildConfiguration;
			buildSettings = {
				ALWAYS_SEARCH_USER_PATHS = NO;
				CLANG_ANALYZER_NONNULL = YES;
				CLANG_ANALYZER_NUMBER_OBJECT_CONVERSION = YES_AGGRESSIVE;
				CLANG_CXX_LANGUAGE_STANDARD = "gnu++14";
				CLANG_CXX_LIBRARY = "libc++";
				CLANG_ENABLE_MODULES = YES;
				CLANG_ENABLE_OBJC_ARC = YES;
				CLANG_ENABLE_OBJC_WEAK = YES;
				CLANG_WARN_BLOCK_CAPTURE_AUTORELEASING = YES;
				CLANG_WARN_BOOL_CONVERSION = YES;
				CLANG_WARN_COMMA = YES;
				CLANG_WARN_CONSTANT_CONVERSION = YES;
				CLANG_WARN_DEPRECATED_OBJC_IMPLEMENTATIONS = YES;
				CLANG_WARN_DIRECT_OBJC_ISA_USAGE = YES_ERROR;
				CLANG_WARN_DOCUMENTATION_COMMENTS = YES;
				CLANG_WARN_EMPTY_BODY = YES;
				CLANG_WARN_ENUM_CONVERSION = YES;
				CLANG_WARN_INFINITE_RECURSION = YES;
				CLANG_WARN_INT_CONVERSION = YES;
				CLANG_WARN_NON_LITERAL_NULL_CONVERSION = YES;
				CLANG_WARN_OBJC_IMPLICIT_RETAIN_SELF = YES;
				CLANG_WARN_OBJC_LITERAL_CONVERSION = YES;
				CLANG_WARN_OBJC_ROOT_CLASS = YES_ERROR;
				CLANG_WARN_QUOTED_INCLUDE_IN_FRAMEWORK_HEADER = YES;
				CLANG_WARN_RANGE_LOOP_ANALYSIS = YES;
				CLANG_WARN_STRICT_PROTOTYPES = YES;
				CLANG_WARN_SUSPICIOUS_MOVE = YES;
				CLANG_WARN_UNGUARDED_AVAILABILITY = YES_AGGRESSIVE;
				CLANG_WARN_UNREACHABLE_CODE = YES;
				CLANG_WARN__DUPLICATE_METHOD_MATCH = YES;
				COPY_PHASE_STRIP = NO;
				DEBUG_INFORMATION_FORMAT = dwarf;
				ENABLE_STRICT_OBJC_MSGSEND = YES;
				ENABLE_TESTABILITY = YES;
				GCC_C_LANGUAGE_STANDARD = gnu11;
				GCC_DYNAMIC_NO_PIC = NO;
				GCC_NO_COMMON_BLOCKS = YES;
				GCC_OPTIMIZATION_LEVEL = 0;
				GCC_PREPROCESSOR_DEFINITIONS = (
					"DEBUG=1",
					"$(inherited)",
				);
				GCC_WARN_64_TO_32_BIT_CONVERSION = YES;
				GCC_WARN_ABOUT_RETURN_TYPE = YES_ERROR;
				GCC_WARN_UNDECLARED_SELECTOR = YES;
				GCC_WARN_UNINITIALIZED_AUTOS = YES_AGGRESSIVE;
				GCC_WARN_UNUSED_FUNCTION = YES;
				GCC_WARN_UNUSED_VARIABLE = YES;
				IPHONEOS_DEPLOYMENT_TARGET = 14.0;
				MTL_ENABLE_DEBUG_INFO = INCLUDE_SOURCE;
				MTL_FAST_MATH = YES;
				ONLY_ACTIVE_ARCH = YES;
				SDKROOT = iphoneos;
				SWIFT_ACTIVE_COMPILATION_CONDITIONS = DEBUG;
				SWIFT_OPTIMIZATION_LEVEL = "-Onone";
			};
			name = Debug;
		};
		07168ADD24B1F6B6009B42E2 /* Release */ = {
			isa = XCBuildConfiguration;
			buildSettings = {
				ALWAYS_SEARCH_USER_PATHS = NO;
				CLANG_ANALYZER_NONNULL = YES;
				CLANG_ANALYZER_NUMBER_OBJECT_CONVERSION = YES_AGGRESSIVE;
				CLANG_CXX_LANGUAGE_STANDARD = "gnu++14";
				CLANG_CXX_LIBRARY = "libc++";
				CLANG_ENABLE_MODULES = YES;
				CLANG_ENABLE_OBJC_ARC = YES;
				CLANG_ENABLE_OBJC_WEAK = YES;
				CLANG_WARN_BLOCK_CAPTURE_AUTORELEASING = YES;
				CLANG_WARN_BOOL_CONVERSION = YES;
				CLANG_WARN_COMMA = YES;
				CLANG_WARN_CONSTANT_CONVERSION = YES;
				CLANG_WARN_DEPRECATED_OBJC_IMPLEMENTATIONS = YES;
				CLANG_WARN_DIRECT_OBJC_ISA_USAGE = YES_ERROR;
				CLANG_WARN_DOCUMENTATION_COMMENTS = YES;
				CLANG_WARN_EMPTY_BODY = YES;
				CLANG_WARN_ENUM_CONVERSION = YES;
				CLANG_WARN_INFINITE_RECURSION = YES;
				CLANG_WARN_INT_CONVERSION = YES;
				CLANG_WARN_NON_LITERAL_NULL_CONVERSION = YES;
				CLANG_WARN_OBJC_IMPLICIT_RETAIN_SELF = YES;
				CLANG_WARN_OBJC_LITERAL_CONVERSION = YES;
				CLANG_WARN_OBJC_ROOT_CLASS = YES_ERROR;
				CLANG_WARN_QUOTED_INCLUDE_IN_FRAMEWORK_HEADER = YES;
				CLANG_WARN_RANGE_LOOP_ANALYSIS = YES;
				CLANG_WARN_STRICT_PROTOTYPES = YES;
				CLANG_WARN_SUSPICIOUS_MOVE = YES;
				CLANG_WARN_UNGUARDED_AVAILABILITY = YES_AGGRESSIVE;
				CLANG_WARN_UNREACHABLE_CODE = YES;
				CLANG_WARN__DUPLICATE_METHOD_MATCH = YES;
				COPY_PHASE_STRIP = NO;
				DEBUG_INFORMATION_FORMAT = "dwarf-with-dsym";
				ENABLE_NS_ASSERTIONS = NO;
				ENABLE_STRICT_OBJC_MSGSEND = YES;
				GCC_C_LANGUAGE_STANDARD = gnu11;
				GCC_NO_COMMON_BLOCKS = YES;
				GCC_WARN_64_TO_32_BIT_CONVERSION = YES;
				GCC_WARN_ABOUT_RETURN_TYPE = YES_ERROR;
				GCC_WARN_UNDECLARED_SELECTOR = YES;
				GCC_WARN_UNINITIALIZED_AUTOS = YES_AGGRESSIVE;
				GCC_WARN_UNUSED_FUNCTION = YES;
				GCC_WARN_UNUSED_VARIABLE = YES;
				IPHONEOS_DEPLOYMENT_TARGET = 14.0;
				MTL_ENABLE_DEBUG_INFO = NO;
				MTL_FAST_MATH = YES;
				SDKROOT = iphoneos;
				SWIFT_COMPILATION_MODE = wholemodule;
				SWIFT_OPTIMIZATION_LEVEL = "-O";
				VALIDATE_PRODUCT = YES;
			};
			name = Release;
		};
		07168ADF24B1F6B6009B42E2 /* Debug */ = {
			isa = XCBuildConfiguration;
			buildSettings = {
				ALWAYS_EMBED_SWIFT_STANDARD_LIBRARIES = YES;
				ASSETCATALOG_COMPILER_APPICON_NAME = AppIcon;
				ASSETCATALOG_COMPILER_GLOBAL_ACCENT_COLOR_NAME = AccentColor;
				CODE_SIGN_STYLE = Automatic;
				DEVELOPMENT_ASSET_PATHS = "\"Portfolio/Preview Content\"";
				DEVELOPMENT_TEAM = NWP8DQHN5J;
				ENABLE_PREVIEWS = YES;
				INFOPLIST_FILE = Portfolio/Info.plist;
				IPHONEOS_DEPLOYMENT_TARGET = 14.0;
				LD_RUNPATH_SEARCH_PATHS = (
					"$(inherited)",
					"@executable_path/Frameworks",
				);
				PRODUCT_BUNDLE_IDENTIFIER = com.github.midori2012.Portfolio;
				PRODUCT_NAME = "$(TARGET_NAME)";
				SWIFT_VERSION = 5.0;
				TARGETED_DEVICE_FAMILY = "1,2";
			};
			name = Debug;
		};
		07168AE024B1F6B6009B42E2 /* Release */ = {
			isa = XCBuildConfiguration;
			buildSettings = {
				ALWAYS_EMBED_SWIFT_STANDARD_LIBRARIES = YES;
				ASSETCATALOG_COMPILER_APPICON_NAME = AppIcon;
				ASSETCATALOG_COMPILER_GLOBAL_ACCENT_COLOR_NAME = AccentColor;
				CODE_SIGN_STYLE = Automatic;
				DEVELOPMENT_ASSET_PATHS = "\"Portfolio/Preview Content\"";
				DEVELOPMENT_TEAM = NWP8DQHN5J;
				ENABLE_PREVIEWS = YES;
				INFOPLIST_FILE = Portfolio/Info.plist;
				IPHONEOS_DEPLOYMENT_TARGET = 14.0;
				LD_RUNPATH_SEARCH_PATHS = (
					"$(inherited)",
					"@executable_path/Frameworks",
				);
				PRODUCT_BUNDLE_IDENTIFIER = com.github.midori2012.Portfolio;
				PRODUCT_NAME = "$(TARGET_NAME)";
				SWIFT_VERSION = 5.0;
				TARGETED_DEVICE_FAMILY = "1,2";
			};
			name = Release;
		};
		07168AFD24B204DB009B42E2 /* Debug */ = {
			isa = XCBuildConfiguration;
			buildSettings = {
				ASSETCATALOG_COMPILER_GLOBAL_ACCENT_COLOR_NAME = AccentColor;
				ASSETCATALOG_COMPILER_WIDGET_BACKGROUND_COLOR_NAME = WidgetBackground;
				CODE_SIGN_STYLE = Automatic;
				DEVELOPMENT_TEAM = NWP8DQHN5J;
				INFOPLIST_FILE = PortfolioWidget/Info.plist;
				LD_RUNPATH_SEARCH_PATHS = (
					"$(inherited)",
					"@executable_path/Frameworks",
					"@executable_path/../../Frameworks",
				);
				PRODUCT_BUNDLE_IDENTIFIER = com.github.midori2012.Portfolio.PortfolioWidget;
				PRODUCT_NAME = "$(TARGET_NAME)";
				SKIP_INSTALL = YES;
				SWIFT_VERSION = 5.0;
				TARGETED_DEVICE_FAMILY = "1,2";
			};
			name = Debug;
		};
		07168AFE24B204DB009B42E2 /* Release */ = {
			isa = XCBuildConfiguration;
			buildSettings = {
				ASSETCATALOG_COMPILER_GLOBAL_ACCENT_COLOR_NAME = AccentColor;
				ASSETCATALOG_COMPILER_WIDGET_BACKGROUND_COLOR_NAME = WidgetBackground;
				CODE_SIGN_STYLE = Automatic;
				DEVELOPMENT_TEAM = NWP8DQHN5J;
				INFOPLIST_FILE = PortfolioWidget/Info.plist;
				LD_RUNPATH_SEARCH_PATHS = (
					"$(inherited)",
					"@executable_path/Frameworks",
					"@executable_path/../../Frameworks",
				);
				PRODUCT_BUNDLE_IDENTIFIER = com.github.midori2012.Portfolio.PortfolioWidget;
				PRODUCT_NAME = "$(TARGET_NAME)";
				SKIP_INSTALL = YES;
				SWIFT_VERSION = 5.0;
				TARGETED_DEVICE_FAMILY = "1,2";
			};
			name = Release;
		};
		07168B5724B29F51009B42E2 /* Debug */ = {
			isa = XCBuildConfiguration;
			buildSettings = {
				CODE_SIGN_STYLE = Automatic;
				DEVELOPMENT_TEAM = NWP8DQHN5J;
				INFOPLIST_FILE = PortfolioNameIntentHandler/Info.plist;
				LD_RUNPATH_SEARCH_PATHS = (
					"$(inherited)",
					"@executable_path/Frameworks",
					"@executable_path/../../Frameworks",
				);
				PRODUCT_BUNDLE_IDENTIFIER = com.github.midori2012.Portfolio.PortfolioNameIntentHandler;
				PRODUCT_NAME = "$(TARGET_NAME)";
				SKIP_INSTALL = YES;
				SWIFT_VERSION = 5.0;
				TARGETED_DEVICE_FAMILY = "1,2";
			};
			name = Debug;
		};
		07168B5824B29F51009B42E2 /* Release */ = {
			isa = XCBuildConfiguration;
			buildSettings = {
				CODE_SIGN_STYLE = Automatic;
				DEVELOPMENT_TEAM = NWP8DQHN5J;
				INFOPLIST_FILE = PortfolioNameIntentHandler/Info.plist;
				LD_RUNPATH_SEARCH_PATHS = (
					"$(inherited)",
					"@executable_path/Frameworks",
					"@executable_path/../../Frameworks",
				);
				PRODUCT_BUNDLE_IDENTIFIER = com.github.midori2012.Portfolio.PortfolioNameIntentHandler;
				PRODUCT_NAME = "$(TARGET_NAME)";
				SKIP_INSTALL = YES;
				SWIFT_VERSION = 5.0;
				TARGETED_DEVICE_FAMILY = "1,2";
			};
			name = Release;
		};
/* End XCBuildConfiguration section */

/* Begin XCConfigurationList section */
		07168ACA24B1F6B4009B42E2 /* Build configuration list for PBXProject "Portfolio" */ = {
			isa = XCConfigurationList;
			buildConfigurations = (
				07168ADC24B1F6B6009B42E2 /* Debug */,
				07168ADD24B1F6B6009B42E2 /* Release */,
			);
			defaultConfigurationIsVisible = 0;
			defaultConfigurationName = Release;
		};
		07168ADE24B1F6B6009B42E2 /* Build configuration list for PBXNativeTarget "Portfolio" */ = {
			isa = XCConfigurationList;
			buildConfigurations = (
				07168ADF24B1F6B6009B42E2 /* Debug */,
				07168AE024B1F6B6009B42E2 /* Release */,
			);
			defaultConfigurationIsVisible = 0;
			defaultConfigurationName = Release;
		};
		07168AFC24B204DB009B42E2 /* Build configuration list for PBXNativeTarget "PortfolioWidgetExtension" */ = {
			isa = XCConfigurationList;
			buildConfigurations = (
				07168AFD24B204DB009B42E2 /* Debug */,
				07168AFE24B204DB009B42E2 /* Release */,
			);
			defaultConfigurationIsVisible = 0;
			defaultConfigurationName = Release;
		};
		07168B5624B29F51009B42E2 /* Build configuration list for PBXNativeTarget "PortfolioNameIntentHandler" */ = {
			isa = XCConfigurationList;
			buildConfigurations = (
				07168B5724B29F51009B42E2 /* Debug */,
				07168B5824B29F51009B42E2 /* Release */,
			);
			defaultConfigurationIsVisible = 0;
			defaultConfigurationName = Release;
		};
/* End XCConfigurationList section */
	};
	rootObject = 07168AC724B1F6B4009B42E2 /* Project object */;
}
