// !$*UTF8*$!
{
	archiveVersion = 1;
	classes = {
	};
	objectVersion = 50;
	objects = {

/* Begin PBXBuildFile section */
		070DB0AD24A9B50400075399 /* CharacterSelection.intentdefinition in Sources */ = {isa = PBXBuildFile; fileRef = 070DB0AC24A9B50400075399 /* CharacterSelection.intentdefinition */; };
		070DB0AE24A9B50800075399 /* CharacterSelection.intentdefinition in Sources */ = {isa = PBXBuildFile; fileRef = 070DB0AC24A9B50400075399 /* CharacterSelection.intentdefinition */; };
		0744EFC124AAD9D900C04F77 /* LeaderboardWidget.swift in Sources */ = {isa = PBXBuildFile; fileRef = 0744EFC024AAD9D900C04F77 /* LeaderboardWidget.swift */; };
		0744EFC924AB625300C04F77 /* IntentHandler.swift in Sources */ = {isa = PBXBuildFile; fileRef = 0744EFC824AB625300C04F77 /* IntentHandler.swift */; };
		0744EFDF24AB625400C04F77 /* EmojiRangerIntentHandler.appex in Embed App Extensions */ = {isa = PBXBuildFile; fileRef = 0744EFC624AB625300C04F77 /* EmojiRangerIntentHandler.appex */; settings = {ATTRIBUTES = (RemoveHeadersOnCopy, ); }; };
		0744EFE824AB62AE00C04F77 /* DynamicCharacterSelection.intentdefinition in Sources */ = {isa = PBXBuildFile; fileRef = 0744EFE724AB62AE00C04F77 /* DynamicCharacterSelection.intentdefinition */; };
		0744EFE924AB637000C04F77 /* DynamicCharacterSelection.intentdefinition in Sources */ = {isa = PBXBuildFile; fileRef = 0744EFE724AB62AE00C04F77 /* DynamicCharacterSelection.intentdefinition */; };
		0744EFEA24AB644600C04F77 /* AllCharactersView.swift in Sources */ = {isa = PBXBuildFile; fileRef = 43D58F9C2498199300137818 /* AllCharactersView.swift */; };
		0744EFEB24AB644600C04F77 /* CharacterDetail.swift in Sources */ = {isa = PBXBuildFile; fileRef = 43D58F952498199300137818 /* CharacterDetail.swift */; };
		0744EFEC24AB644600C04F77 /* GameColors.swift in Sources */ = {isa = PBXBuildFile; fileRef = 43D58F982498199300137818 /* GameColors.swift */; };
		0744EFED24AB644600C04F77 /* HealthLevelShape.swift in Sources */ = {isa = PBXBuildFile; fileRef = 43D58F9A2498199300137818 /* HealthLevelShape.swift */; };
		0744EFEE24AB644600C04F77 /* ImageURLProtocol.swift in Sources */ = {isa = PBXBuildFile; fileRef = 43D58F9E2498199400137818 /* ImageURLProtocol.swift */; };
		0744EFEF24AB644600C04F77 /* CharacterNameView.swift in Sources */ = {isa = PBXBuildFile; fileRef = 43D58F9B2498199300137818 /* CharacterNameView.swift */; };
		0744EFF024AB644600C04F77 /* AvatarView.swift in Sources */ = {isa = PBXBuildFile; fileRef = 43D58F992498199300137818 /* AvatarView.swift */; };
		07E8045924A80514003DD190 /* WidgetKit.framework in Frameworks */ = {isa = PBXBuildFile; fileRef = 5733B346248884DD0035C9B7 /* WidgetKit.framework */; };
		07E8045A24A80514003DD190 /* SwiftUI.framework in Frameworks */ = {isa = PBXBuildFile; fileRef = 5733B348248884DD0035C9B7 /* SwiftUI.framework */; };
		07E8045D24A80514003DD190 /* EmojiRangerWidget.swift in Sources */ = {isa = PBXBuildFile; fileRef = 07E8045C24A80514003DD190 /* EmojiRangerWidget.swift */; };
		07E8046024A80516003DD190 /* Assets.xcassets in Resources */ = {isa = PBXBuildFile; fileRef = 07E8045F24A80516003DD190 /* Assets.xcassets */; };
		07E8046624A80516003DD190 /* EmojiRangerWidgetExtension.appex in Embed App Extensions */ = {isa = PBXBuildFile; fileRef = 07E8045824A80514003DD190 /* EmojiRangerWidgetExtension.appex */; settings = {ATTRIBUTES = (RemoveHeadersOnCopy, ); }; };
		07E8046B24A805CC003DD190 /* CharacterDetail.swift in Sources */ = {isa = PBXBuildFile; fileRef = 43D58F952498199300137818 /* CharacterDetail.swift */; };
		07E8046C24A805CC003DD190 /* CharacterNameView.swift in Sources */ = {isa = PBXBuildFile; fileRef = 43D58F9B2498199300137818 /* CharacterNameView.swift */; };
		07E8046D24A805CC003DD190 /* AllCharactersView.swift in Sources */ = {isa = PBXBuildFile; fileRef = 43D58F9C2498199300137818 /* AllCharactersView.swift */; };
		07E8046E24A805CC003DD190 /* AvatarView.swift in Sources */ = {isa = PBXBuildFile; fileRef = 43D58F992498199300137818 /* AvatarView.swift */; };
		07E8046F24A805CC003DD190 /* HealthLevelShape.swift in Sources */ = {isa = PBXBuildFile; fileRef = 43D58F9A2498199300137818 /* HealthLevelShape.swift */; };
		07E8047024A805CC003DD190 /* ImageURLProtocol.swift in Sources */ = {isa = PBXBuildFile; fileRef = 43D58F9E2498199400137818 /* ImageURLProtocol.swift */; };
		07E8047124A805CC003DD190 /* GameColors.swift in Sources */ = {isa = PBXBuildFile; fileRef = 43D58F982498199300137818 /* GameColors.swift */; };
		43D58F9F2498199400137818 /* CharacterDetail.swift in Sources */ = {isa = PBXBuildFile; fileRef = 43D58F952498199300137818 /* CharacterDetail.swift */; };
		43D58FA12498199400137818 /* GameColors.swift in Sources */ = {isa = PBXBuildFile; fileRef = 43D58F982498199300137818 /* GameColors.swift */; };
		43D58FA22498199400137818 /* AvatarView.swift in Sources */ = {isa = PBXBuildFile; fileRef = 43D58F992498199300137818 /* AvatarView.swift */; };
		43D58FA32498199400137818 /* HealthLevelShape.swift in Sources */ = {isa = PBXBuildFile; fileRef = 43D58F9A2498199300137818 /* HealthLevelShape.swift */; };
		43D58FA42498199400137818 /* CharacterNameView.swift in Sources */ = {isa = PBXBuildFile; fileRef = 43D58F9B2498199300137818 /* CharacterNameView.swift */; };
		43D58FA52498199400137818 /* AllCharactersView.swift in Sources */ = {isa = PBXBuildFile; fileRef = 43D58F9C2498199300137818 /* AllCharactersView.swift */; };
		43D58FA62498199400137818 /* ImageURLProtocol.swift in Sources */ = {isa = PBXBuildFile; fileRef = 43D58F9E2498199400137818 /* ImageURLProtocol.swift */; };
		5733B3332488842E0035C9B7 /* Assets.xcassets in Resources */ = {isa = PBXBuildFile; fileRef = 5733B3322488842E0035C9B7 /* Assets.xcassets */; };
		5733B3362488842E0035C9B7 /* Preview Assets.xcassets in Resources */ = {isa = PBXBuildFile; fileRef = 5733B3352488842E0035C9B7 /* Preview Assets.xcassets */; };
		5733B3392488842E0035C9B7 /* LaunchScreen.storyboard in Resources */ = {isa = PBXBuildFile; fileRef = 5733B3372488842E0035C9B7 /* LaunchScreen.storyboard */; };
		57A01E77248898F100D9E45F /* DetailView.swift in Sources */ = {isa = PBXBuildFile; fileRef = 57A01E76248898F100D9E45F /* DetailView.swift */; };
		BE6A2CE6249988AD0022915C /* EmojiRangers.swift in Sources */ = {isa = PBXBuildFile; fileRef = BE6A2CE4249988AD0022915C /* EmojiRangers.swift */; };
		BE6A2CE7249988AD0022915C /* ContentView.swift in Sources */ = {isa = PBXBuildFile; fileRef = BE6A2CE5249988AD0022915C /* ContentView.swift */; };
/* End PBXBuildFile section */

/* Begin PBXContainerItemProxy section */
		0744EFDD24AB625400C04F77 /* PBXContainerItemProxy */ = {
			isa = PBXContainerItemProxy;
			containerPortal = 5733B3212488842D0035C9B7 /* Project object */;
			proxyType = 1;
			remoteGlobalIDString = 0744EFC524AB625300C04F77;
			remoteInfo = EmojiRangerIntentHandler;
		};
		07E8046424A80516003DD190 /* PBXContainerItemProxy */ = {
			isa = PBXContainerItemProxy;
			containerPortal = 5733B3212488842D0035C9B7 /* Project object */;
			proxyType = 1;
			remoteGlobalIDString = 07E8045724A80514003DD190;
			remoteInfo = EmojiRangerWidgetExtension;
		};
/* End PBXContainerItemProxy section */

/* Begin PBXCopyFilesBuildPhase section */
		5733B356248884DE0035C9B7 /* Embed App Extensions */ = {
			isa = PBXCopyFilesBuildPhase;
			buildActionMask = 2147483647;
			dstPath = "";
			dstSubfolderSpec = 13;
			files = (
				0744EFDF24AB625400C04F77 /* EmojiRangerIntentHandler.appex in Embed App Extensions */,
				07E8046624A80516003DD190 /* EmojiRangerWidgetExtension.appex in Embed App Extensions */,
			);
			name = "Embed App Extensions";
			runOnlyForDeploymentPostprocessing = 0;
		};
/* End PBXCopyFilesBuildPhase section */

/* Begin PBXFileReference section */
		070DB0AC24A9B50400075399 /* CharacterSelection.intentdefinition */ = {isa = PBXFileReference; fileEncoding = 4; lastKnownFileType = file.intentdefinition; path = CharacterSelection.intentdefinition; sourceTree = "<group>"; };
		0744EFC024AAD9D900C04F77 /* LeaderboardWidget.swift */ = {isa = PBXFileReference; lastKnownFileType = sourcecode.swift; path = LeaderboardWidget.swift; sourceTree = "<group>"; };
		0744EFC624AB625300C04F77 /* EmojiRangerIntentHandler.appex */ = {isa = PBXFileReference; explicitFileType = "wrapper.app-extension"; includeInIndex = 0; path = EmojiRangerIntentHandler.appex; sourceTree = BUILT_PRODUCTS_DIR; };
		0744EFC824AB625300C04F77 /* IntentHandler.swift */ = {isa = PBXFileReference; lastKnownFileType = sourcecode.swift; path = IntentHandler.swift; sourceTree = "<group>"; };
		0744EFCA24AB625300C04F77 /* Info.plist */ = {isa = PBXFileReference; lastKnownFileType = text.plist.xml; path = Info.plist; sourceTree = "<group>"; };
		0744EFD024AB625400C04F77 /* IntentsUI.framework */ = {isa = PBXFileReference; lastKnownFileType = wrapper.framework; name = IntentsUI.framework; path = System/Library/Frameworks/IntentsUI.framework; sourceTree = SDKROOT; };
		0744EFE024AB625400C04F77 /* EmojiRangerIntentHandler.entitlements */ = {isa = PBXFileReference; lastKnownFileType = text.plist.entitlements; path = EmojiRangerIntentHandler.entitlements; sourceTree = "<group>"; };
		0744EFE724AB62AE00C04F77 /* DynamicCharacterSelection.intentdefinition */ = {isa = PBXFileReference; fileEncoding = 4; lastKnownFileType = file.intentdefinition; path = DynamicCharacterSelection.intentdefinition; sourceTree = "<group>"; };
		07E8045824A80514003DD190 /* EmojiRangerWidgetExtension.appex */ = {isa = PBXFileReference; explicitFileType = "wrapper.app-extension"; includeInIndex = 0; path = EmojiRangerWidgetExtension.appex; sourceTree = BUILT_PRODUCTS_DIR; };
		07E8045C24A80514003DD190 /* EmojiRangerWidget.swift */ = {isa = PBXFileReference; lastKnownFileType = sourcecode.swift; path = EmojiRangerWidget.swift; sourceTree = "<group>"; };
		07E8045F24A80516003DD190 /* Assets.xcassets */ = {isa = PBXFileReference; lastKnownFileType = folder.assetcatalog; path = Assets.xcassets; sourceTree = "<group>"; };
		07E8046124A80516003DD190 /* Info.plist */ = {isa = PBXFileReference; lastKnownFileType = text.plist.xml; path = Info.plist; sourceTree = "<group>"; };
		07E8046724A80516003DD190 /* EmojiRangerWidgetExtension.entitlements */ = {isa = PBXFileReference; lastKnownFileType = text.plist.entitlements; path = EmojiRangerWidgetExtension.entitlements; sourceTree = "<group>"; };
		1F38D2652489DD8D00C02D73 /* Game Status.entitlements */ = {isa = PBXFileReference; lastKnownFileType = text.plist.entitlements; path = "Game Status.entitlements"; sourceTree = "<group>"; };
		43D58F952498199300137818 /* CharacterDetail.swift */ = {isa = PBXFileReference; fileEncoding = 4; lastKnownFileType = sourcecode.swift; name = CharacterDetail.swift; path = "../Shared Sources/Data/CharacterDetail.swift"; sourceTree = SOURCE_ROOT; };
		43D58F982498199300137818 /* GameColors.swift */ = {isa = PBXFileReference; fileEncoding = 4; lastKnownFileType = sourcecode.swift; path = GameColors.swift; sourceTree = "<group>"; };
		43D58F992498199300137818 /* AvatarView.swift */ = {isa = PBXFileReference; fileEncoding = 4; lastKnownFileType = sourcecode.swift; path = AvatarView.swift; sourceTree = "<group>"; };
		43D58F9A2498199300137818 /* HealthLevelShape.swift */ = {isa = PBXFileReference; fileEncoding = 4; lastKnownFileType = sourcecode.swift; path = HealthLevelShape.swift; sourceTree = "<group>"; };
		43D58F9B2498199300137818 /* CharacterNameView.swift */ = {isa = PBXFileReference; fileEncoding = 4; lastKnownFileType = sourcecode.swift; path = CharacterNameView.swift; sourceTree = "<group>"; };
		43D58F9C2498199300137818 /* AllCharactersView.swift */ = {isa = PBXFileReference; fileEncoding = 4; lastKnownFileType = sourcecode.swift; path = AllCharactersView.swift; sourceTree = "<group>"; };
		43D58F9E2498199400137818 /* ImageURLProtocol.swift */ = {isa = PBXFileReference; fileEncoding = 4; lastKnownFileType = sourcecode.swift; path = ImageURLProtocol.swift; sourceTree = "<group>"; };
		5733B3292488842D0035C9B7 /* Emoji Rangers.app */ = {isa = PBXFileReference; explicitFileType = wrapper.application; includeInIndex = 0; path = "Emoji Rangers.app"; sourceTree = BUILT_PRODUCTS_DIR; };
		5733B3322488842E0035C9B7 /* Assets.xcassets */ = {isa = PBXFileReference; lastKnownFileType = folder.assetcatalog; path = Assets.xcassets; sourceTree = "<group>"; };
		5733B3352488842E0035C9B7 /* Preview Assets.xcassets */ = {isa = PBXFileReference; lastKnownFileType = folder.assetcatalog; path = "Preview Assets.xcassets"; sourceTree = "<group>"; };
		5733B3382488842E0035C9B7 /* Base */ = {isa = PBXFileReference; lastKnownFileType = file.storyboard; name = Base; path = Base.lproj/LaunchScreen.storyboard; sourceTree = "<group>"; };
		5733B33A2488842E0035C9B7 /* Info.plist */ = {isa = PBXFileReference; lastKnownFileType = text.plist.xml; path = Info.plist; sourceTree = "<group>"; };
		5733B346248884DD0035C9B7 /* WidgetKit.framework */ = {isa = PBXFileReference; lastKnownFileType = wrapper.framework; name = WidgetKit.framework; path = System/Library/Frameworks/WidgetKit.framework; sourceTree = SDKROOT; };
		5733B348248884DD0035C9B7 /* SwiftUI.framework */ = {isa = PBXFileReference; lastKnownFileType = wrapper.framework; name = SwiftUI.framework; path = System/Library/Frameworks/SwiftUI.framework; sourceTree = SDKROOT; };
		57A01E76248898F100D9E45F /* DetailView.swift */ = {isa = PBXFileReference; fileEncoding = 4; lastKnownFileType = sourcecode.swift; path = DetailView.swift; sourceTree = "<group>"; };
		92D81A36B209034BE7D3F8CC /* LICENSE.txt */ = {isa = PBXFileReference; includeInIndex = 1; lastKnownFileType = text; path = LICENSE.txt; sourceTree = "<group>"; };
		BE6A2CDC249942FD0022915C /* README.md */ = {isa = PBXFileReference; fileEncoding = 4; lastKnownFileType = net.daringfireball.markdown; path = README.md; sourceTree = "<group>"; };
		BE6A2CE4249988AD0022915C /* EmojiRangers.swift */ = {isa = PBXFileReference; fileEncoding = 4; lastKnownFileType = sourcecode.swift; path = EmojiRangers.swift; sourceTree = "<group>"; };
		BE6A2CE5249988AD0022915C /* ContentView.swift */ = {isa = PBXFileReference; fileEncoding = 4; lastKnownFileType = sourcecode.swift; path = ContentView.swift; sourceTree = "<group>"; };
		E68FC7C59970E72A6D9463B8 /* SampleCode.xcconfig */ = {isa = PBXFileReference; lastKnownFileType = text.xcconfig; name = SampleCode.xcconfig; path = ../Configuration/SampleCode.xcconfig; sourceTree = "<group>"; };
/* End PBXFileReference section */

/* Begin PBXFrameworksBuildPhase section */
		0744EFC324AB625300C04F77 /* Frameworks */ = {
			isa = PBXFrameworksBuildPhase;
			buildActionMask = 2147483647;
			files = (
			);
			runOnlyForDeploymentPostprocessing = 0;
		};
		07E8045524A80514003DD190 /* Frameworks */ = {
			isa = PBXFrameworksBuildPhase;
			buildActionMask = 2147483647;
			files = (
				07E8045A24A80514003DD190 /* SwiftUI.framework in Frameworks */,
				07E8045924A80514003DD190 /* WidgetKit.framework in Frameworks */,
			);
			runOnlyForDeploymentPostprocessing = 0;
		};
		5733B3262488842D0035C9B7 /* Frameworks */ = {
			isa = PBXFrameworksBuildPhase;
			buildActionMask = 2147483647;
			files = (
			);
			runOnlyForDeploymentPostprocessing = 0;
		};
/* End PBXFrameworksBuildPhase section */

/* Begin PBXGroup section */
		0744EFC724AB625300C04F77 /* EmojiRangerIntentHandler */ = {
			isa = PBXGroup;
			children = (
				0744EFE024AB625400C04F77 /* EmojiRangerIntentHandler.entitlements */,
				0744EFC824AB625300C04F77 /* IntentHandler.swift */,
				0744EFCA24AB625300C04F77 /* Info.plist */,
			);
			path = EmojiRangerIntentHandler;
			sourceTree = "<group>";
		};
		07E8045B24A80514003DD190 /* EmojiRangerWidget */ = {
			isa = PBXGroup;
			children = (
				0744EFE724AB62AE00C04F77 /* DynamicCharacterSelection.intentdefinition */,
				070DB0AC24A9B50400075399 /* CharacterSelection.intentdefinition */,
				07E8045C24A80514003DD190 /* EmojiRangerWidget.swift */,
				0744EFC024AAD9D900C04F77 /* LeaderboardWidget.swift */,
				07E8045F24A80516003DD190 /* Assets.xcassets */,
				07E8046124A80516003DD190 /* Info.plist */,
			);
			path = EmojiRangerWidget;
			sourceTree = "<group>";
		};
		43D58F942498199300137818 /* Data */ = {
			isa = PBXGroup;
			children = (
				43D58F952498199300137818 /* CharacterDetail.swift */,
			);
			name = Data;
			path = "../../Shared Sources/Data";
			sourceTree = "<group>";
		};
		43D58F972498199300137818 /* Views */ = {
			isa = PBXGroup;
			children = (
				43D58F982498199300137818 /* GameColors.swift */,
				43D58F992498199300137818 /* AvatarView.swift */,
				43D58F9A2498199300137818 /* HealthLevelShape.swift */,
				43D58F9B2498199300137818 /* CharacterNameView.swift */,
				43D58F9C2498199300137818 /* AllCharactersView.swift */,
			);
			name = Views;
			path = "../../Shared Sources/Views";
			sourceTree = "<group>";
		};
		43D58F9D2498199400137818 /* Mock API */ = {
			isa = PBXGroup;
			children = (
				43D58F9E2498199400137818 /* ImageURLProtocol.swift */,
			);
			name = "Mock API";
			path = "../../Shared Sources/Mock API";
			sourceTree = "<group>";
		};
		5733B3202488842D0035C9B7 = {
			isa = PBXGroup;
			children = (
				07E8046724A80516003DD190 /* EmojiRangerWidgetExtension.entitlements */,
				BE6A2CDC249942FD0022915C /* README.md */,
				5733B32B2488842D0035C9B7 /* Game Status */,
				07E8045B24A80514003DD190 /* EmojiRangerWidget */,
				0744EFC724AB625300C04F77 /* EmojiRangerIntentHandler */,
				5733B345248884DD0035C9B7 /* Frameworks */,
				5733B32A2488842D0035C9B7 /* Products */,
				891DBD66C8A7B1741AE11A74 /* Configuration */,
				6F51C053B63FD579A57DDBF9 /* LICENSE */,
			);
			sourceTree = "<group>";
		};
		5733B32A2488842D0035C9B7 /* Products */ = {
			isa = PBXGroup;
			children = (
				5733B3292488842D0035C9B7 /* Emoji Rangers.app */,
				07E8045824A80514003DD190 /* EmojiRangerWidgetExtension.appex */,
				0744EFC624AB625300C04F77 /* EmojiRangerIntentHandler.appex */,
			);
			name = Products;
			sourceTree = "<group>";
		};
		5733B32B2488842D0035C9B7 /* Game Status */ = {
			isa = PBXGroup;
			children = (
				BE6A2CE3249988AD0022915C /* App */,
				43D58F942498199300137818 /* Data */,
				43D58F9D2498199400137818 /* Mock API */,
				43D58F972498199300137818 /* Views */,
				5733B3322488842E0035C9B7 /* Assets.xcassets */,
				5733B3372488842E0035C9B7 /* LaunchScreen.storyboard */,
				5733B33A2488842E0035C9B7 /* Info.plist */,
				1F38D2652489DD8D00C02D73 /* Game Status.entitlements */,
				5733B3342488842E0035C9B7 /* Preview Content */,
			);
			path = "Game Status";
			sourceTree = "<group>";
		};
		5733B3342488842E0035C9B7 /* Preview Content */ = {
			isa = PBXGroup;
			children = (
				5733B3352488842E0035C9B7 /* Preview Assets.xcassets */,
			);
			path = "Preview Content";
			sourceTree = "<group>";
		};
		5733B345248884DD0035C9B7 /* Frameworks */ = {
			isa = PBXGroup;
			children = (
				5733B346248884DD0035C9B7 /* WidgetKit.framework */,
				5733B348248884DD0035C9B7 /* SwiftUI.framework */,
				0744EFD024AB625400C04F77 /* IntentsUI.framework */,
			);
			name = Frameworks;
			sourceTree = "<group>";
		};
		6F51C053B63FD579A57DDBF9 /* LICENSE */ = {
			isa = PBXGroup;
			children = (
				92D81A36B209034BE7D3F8CC /* LICENSE.txt */,
			);
			name = LICENSE;
			path = ../LICENSE;
			sourceTree = "<group>";
		};
		891DBD66C8A7B1741AE11A74 /* Configuration */ = {
			isa = PBXGroup;
			children = (
				E68FC7C59970E72A6D9463B8 /* SampleCode.xcconfig */,
			);
			name = Configuration;
			sourceTree = "<group>";
		};
		BE6A2CE3249988AD0022915C /* App */ = {
			isa = PBXGroup;
			children = (
				BE6A2CE4249988AD0022915C /* EmojiRangers.swift */,
				BE6A2CE5249988AD0022915C /* ContentView.swift */,
				57A01E76248898F100D9E45F /* DetailView.swift */,
			);
			name = App;
			path = "../../Shared Sources/App";
			sourceTree = "<group>";
		};
/* End PBXGroup section */

/* Begin PBXNativeTarget section */
		0744EFC524AB625300C04F77 /* EmojiRangerIntentHandler */ = {
			isa = PBXNativeTarget;
			buildConfigurationList = 0744EFE424AB625400C04F77 /* Build configuration list for PBXNativeTarget "EmojiRangerIntentHandler" */;
			buildPhases = (
				0744EFC224AB625300C04F77 /* Sources */,
				0744EFC324AB625300C04F77 /* Frameworks */,
				0744EFC424AB625300C04F77 /* Resources */,
			);
			buildRules = (
			);
			dependencies = (
			);
			name = EmojiRangerIntentHandler;
			productName = EmojiRangerIntentHandler;
			productReference = 0744EFC624AB625300C04F77 /* EmojiRangerIntentHandler.appex */;
			productType = "com.apple.product-type.app-extension";
		};
		07E8045724A80514003DD190 /* EmojiRangerWidgetExtension */ = {
			isa = PBXNativeTarget;
			buildConfigurationList = 07E8046A24A80516003DD190 /* Build configuration list for PBXNativeTarget "EmojiRangerWidgetExtension" */;
			buildPhases = (
				07E8045424A80514003DD190 /* Sources */,
				07E8045524A80514003DD190 /* Frameworks */,
				07E8045624A80514003DD190 /* Resources */,
			);
			buildRules = (
			);
			dependencies = (
			);
			name = EmojiRangerWidgetExtension;
			productName = EmojiRangerWidgetExtension;
			productReference = 07E8045824A80514003DD190 /* EmojiRangerWidgetExtension.appex */;
			productType = "com.apple.product-type.app-extension";
		};
		5733B3282488842D0035C9B7 /* Emoji Rangers */ = {
			isa = PBXNativeTarget;
			buildConfigurationList = 5733B33D2488842E0035C9B7 /* Build configuration list for PBXNativeTarget "Emoji Rangers" */;
			buildPhases = (
				5733B3252488842D0035C9B7 /* Sources */,
				5733B3262488842D0035C9B7 /* Frameworks */,
				5733B3272488842D0035C9B7 /* Resources */,
				5733B356248884DE0035C9B7 /* Embed App Extensions */,
			);
			buildRules = (
			);
			dependencies = (
				07E8046524A80516003DD190 /* PBXTargetDependency */,
				0744EFDE24AB625400C04F77 /* PBXTargetDependency */,
			);
			name = "Emoji Rangers";
			productName = "Game Status";
			productReference = 5733B3292488842D0035C9B7 /* Emoji Rangers.app */;
			productType = "com.apple.product-type.application";
		};
/* End PBXNativeTarget section */

/* Begin PBXProject section */
		5733B3212488842D0035C9B7 /* Project object */ = {
			isa = PBXProject;
			attributes = {
				DefaultBuildSystemTypeForWorkspace = Latest;
				LastSwiftUpdateCheck = 1200;
				LastUpgradeCheck = 1200;
				ORGANIZATIONNAME = Apple;
				TargetAttributes = {
					0744EFC524AB625300C04F77 = {
						CreatedOnToolsVersion = 12.0;
					};
					07E8045724A80514003DD190 = {
						CreatedOnToolsVersion = 12.0;
					};
					5733B3282488842D0035C9B7 = {
						CreatedOnToolsVersion = 12.0;
					};
				};
			};
			buildConfigurationList = 5733B3242488842D0035C9B7 /* Build configuration list for PBXProject "Emoji Rangers" */;
			compatibilityVersion = "Xcode 9.3";
			developmentRegion = en;
			hasScannedForEncodings = 0;
			knownRegions = (
				en,
				Base,
			);
			mainGroup = 5733B3202488842D0035C9B7;
			productRefGroup = 5733B32A2488842D0035C9B7 /* Products */;
			projectDirPath = "";
			projectRoot = "";
			targets = (
				5733B3282488842D0035C9B7 /* Emoji Rangers */,
				07E8045724A80514003DD190 /* EmojiRangerWidgetExtension */,
				0744EFC524AB625300C04F77 /* EmojiRangerIntentHandler */,
			);
		};
/* End PBXProject section */

/* Begin PBXResourcesBuildPhase section */
		0744EFC424AB625300C04F77 /* Resources */ = {
			isa = PBXResourcesBuildPhase;
			buildActionMask = 2147483647;
			files = (
			);
			runOnlyForDeploymentPostprocessing = 0;
		};
		07E8045624A80514003DD190 /* Resources */ = {
			isa = PBXResourcesBuildPhase;
			buildActionMask = 2147483647;
			files = (
				07E8046024A80516003DD190 /* Assets.xcassets in Resources */,
			);
			runOnlyForDeploymentPostprocessing = 0;
		};
		5733B3272488842D0035C9B7 /* Resources */ = {
			isa = PBXResourcesBuildPhase;
			buildActionMask = 2147483647;
			files = (
				5733B3392488842E0035C9B7 /* LaunchScreen.storyboard in Resources */,
				5733B3362488842E0035C9B7 /* Preview Assets.xcassets in Resources */,
				5733B3332488842E0035C9B7 /* Assets.xcassets in Resources */,
			);
			runOnlyForDeploymentPostprocessing = 0;
		};
/* End PBXResourcesBuildPhase section */

/* Begin PBXSourcesBuildPhase section */
		0744EFC224AB625300C04F77 /* Sources */ = {
			isa = PBXSourcesBuildPhase;
			buildActionMask = 2147483647;
			files = (
				0744EFEB24AB644600C04F77 /* CharacterDetail.swift in Sources */,
				0744EFC924AB625300C04F77 /* IntentHandler.swift in Sources */,
				0744EFEE24AB644600C04F77 /* ImageURLProtocol.swift in Sources */,
				0744EFEF24AB644600C04F77 /* CharacterNameView.swift in Sources */,
				0744EFED24AB644600C04F77 /* HealthLevelShape.swift in Sources */,
				0744EFEA24AB644600C04F77 /* AllCharactersView.swift in Sources */,
				0744EFE924AB637000C04F77 /* DynamicCharacterSelection.intentdefinition in Sources */,
				0744EFF024AB644600C04F77 /* AvatarView.swift in Sources */,
				0744EFEC24AB644600C04F77 /* GameColors.swift in Sources */,
			);
			runOnlyForDeploymentPostprocessing = 0;
		};
		07E8045424A80514003DD190 /* Sources */ = {
			isa = PBXSourcesBuildPhase;
			buildActionMask = 2147483647;
			files = (
				0744EFE824AB62AE00C04F77 /* DynamicCharacterSelection.intentdefinition in Sources */,
				07E8046B24A805CC003DD190 /* CharacterDetail.swift in Sources */,
				07E8047024A805CC003DD190 /* ImageURLProtocol.swift in Sources */,
				07E8046E24A805CC003DD190 /* AvatarView.swift in Sources */,
				07E8046F24A805CC003DD190 /* HealthLevelShape.swift in Sources */,
				07E8045D24A80514003DD190 /* EmojiRangerWidget.swift in Sources */,
				0744EFC124AAD9D900C04F77 /* LeaderboardWidget.swift in Sources */,
				07E8047124A805CC003DD190 /* GameColors.swift in Sources */,
				07E8046D24A805CC003DD190 /* AllCharactersView.swift in Sources */,
				070DB0AE24A9B50800075399 /* CharacterSelection.intentdefinition in Sources */,
				07E8046C24A805CC003DD190 /* CharacterNameView.swift in Sources */,
			);
			runOnlyForDeploymentPostprocessing = 0;
		};
		5733B3252488842D0035C9B7 /* Sources */ = {
			isa = PBXSourcesBuildPhase;
			buildActionMask = 2147483647;
			files = (
				43D58FA32498199400137818 /* HealthLevelShape.swift in Sources */,
				43D58FA12498199400137818 /* GameColors.swift in Sources */,
				57A01E77248898F100D9E45F /* DetailView.swift in Sources */,
				43D58FA62498199400137818 /* ImageURLProtocol.swift in Sources */,
				070DB0AD24A9B50400075399 /* CharacterSelection.intentdefinition in Sources */,
				43D58F9F2498199400137818 /* CharacterDetail.swift in Sources */,
				43D58FA22498199400137818 /* AvatarView.swift in Sources */,
				BE6A2CE7249988AD0022915C /* ContentView.swift in Sources */,
				43D58FA52498199400137818 /* AllCharactersView.swift in Sources */,
				43D58FA42498199400137818 /* CharacterNameView.swift in Sources */,
				BE6A2CE6249988AD0022915C /* EmojiRangers.swift in Sources */,
			);
			runOnlyForDeploymentPostprocessing = 0;
		};
/* End PBXSourcesBuildPhase section */

/* Begin PBXTargetDependency section */
		0744EFDE24AB625400C04F77 /* PBXTargetDependency */ = {
			isa = PBXTargetDependency;
			target = 0744EFC524AB625300C04F77 /* EmojiRangerIntentHandler */;
			targetProxy = 0744EFDD24AB625400C04F77 /* PBXContainerItemProxy */;
		};
		07E8046524A80516003DD190 /* PBXTargetDependency */ = {
			isa = PBXTargetDependency;
			target = 07E8045724A80514003DD190 /* EmojiRangerWidgetExtension */;
			targetProxy = 07E8046424A80516003DD190 /* PBXContainerItemProxy */;
		};
/* End PBXTargetDependency section */

/* Begin PBXVariantGroup section */
		5733B3372488842E0035C9B7 /* LaunchScreen.storyboard */ = {
			isa = PBXVariantGroup;
			children = (
				5733B3382488842E0035C9B7 /* Base */,
			);
			name = LaunchScreen.storyboard;
			sourceTree = "<group>";
		};
/* End PBXVariantGroup section */

/* Begin XCBuildConfiguration section */
		0744EFE524AB625400C04F77 /* Debug */ = {
			isa = XCBuildConfiguration;
			buildSettings = {
				CODE_SIGN_ENTITLEMENTS = EmojiRangerIntentHandler/EmojiRangerIntentHandler.entitlements;
				CODE_SIGN_STYLE = Automatic;
				DEVELOPMENT_TEAM = NWP8DQHN5J;
				INFOPLIST_FILE = EmojiRangerIntentHandler/Info.plist;
				LD_RUNPATH_SEARCH_PATHS = (
					"$(inherited)",
					"@executable_path/Frameworks",
					"@executable_path/../../Frameworks",
				);
				PRODUCT_BUNDLE_IDENTIFIER = "com.example.apple-samplecode.Emoji-Rangers.EmojiRangerIntentHandler";
				PRODUCT_NAME = "$(TARGET_NAME)";
				SKIP_INSTALL = YES;
				SUPPORTS_MACCATALYST = YES;
				SWIFT_VERSION = 5.0;
				TARGETED_DEVICE_FAMILY = "1,2";
			};
			name = Debug;
		};
		0744EFE624AB625400C04F77 /* Release */ = {
			isa = XCBuildConfiguration;
			buildSettings = {
				CODE_SIGN_ENTITLEMENTS = EmojiRangerIntentHandler/EmojiRangerIntentHandler.entitlements;
				CODE_SIGN_STYLE = Automatic;
				DEVELOPMENT_TEAM = NWP8DQHN5J;
				INFOPLIST_FILE = EmojiRangerIntentHandler/Info.plist;
				LD_RUNPATH_SEARCH_PATHS = (
					"$(inherited)",
					"@executable_path/Frameworks",
					"@executable_path/../../Frameworks",
				);
				PRODUCT_BUNDLE_IDENTIFIER = "com.example.apple-samplecode.Emoji-Rangers.EmojiRangerIntentHandler";
				PRODUCT_NAME = "$(TARGET_NAME)";
				SKIP_INSTALL = YES;
				SUPPORTS_MACCATALYST = YES;
				SWIFT_VERSION = 5.0;
				TARGETED_DEVICE_FAMILY = "1,2";
			};
			name = Release;
		};
		07E8046824A80516003DD190 /* Debug */ = {
			isa = XCBuildConfiguration;
			buildSettings = {
				ASSETCATALOG_COMPILER_GLOBAL_ACCENT_COLOR_NAME = AccentColor;
				ASSETCATALOG_COMPILER_WIDGET_BACKGROUND_COLOR_NAME = WidgetBackground;
				CODE_SIGN_ENTITLEMENTS = EmojiRangerWidgetExtension.entitlements;
				CODE_SIGN_STYLE = Automatic;
				DEVELOPMENT_TEAM = NWP8DQHN5J;
				INFOPLIST_FILE = EmojiRangerWidget/Info.plist;
				LD_RUNPATH_SEARCH_PATHS = (
					"$(inherited)",
					"@executable_path/Frameworks",
					"@executable_path/../../Frameworks",
				);
				PRODUCT_BUNDLE_IDENTIFIER = "com.example.apple-samplecode.Emoji-Rangers.EmojiRangerWidget";
				PRODUCT_NAME = "$(TARGET_NAME)";
				SKIP_INSTALL = YES;
				SUPPORTS_MACCATALYST = YES;
				SWIFT_VERSION = 5.0;
				TARGETED_DEVICE_FAMILY = "1,2";
			};
			name = Debug;
		};
		07E8046924A80516003DD190 /* Release */ = {
			isa = XCBuildConfiguration;
			buildSettings = {
				ASSETCATALOG_COMPILER_GLOBAL_ACCENT_COLOR_NAME = AccentColor;
				ASSETCATALOG_COMPILER_WIDGET_BACKGROUND_COLOR_NAME = WidgetBackground;
				CODE_SIGN_ENTITLEMENTS = EmojiRangerWidgetExtension.entitlements;
				CODE_SIGN_STYLE = Automatic;
				DEVELOPMENT_TEAM = NWP8DQHN5J;
				INFOPLIST_FILE = EmojiRangerWidget/Info.plist;
				LD_RUNPATH_SEARCH_PATHS = (
					"$(inherited)",
					"@executable_path/Frameworks",
					"@executable_path/../../Frameworks",
				);
				PRODUCT_BUNDLE_IDENTIFIER = "com.example.apple-samplecode.Emoji-Rangers.EmojiRangerWidget";
				PRODUCT_NAME = "$(TARGET_NAME)";
				SKIP_INSTALL = YES;
				SUPPORTS_MACCATALYST = YES;
				SWIFT_VERSION = 5.0;
				TARGETED_DEVICE_FAMILY = "1,2";
			};
			name = Release;
		};
		5733B33B2488842E0035C9B7 /* Debug */ = {
			isa = XCBuildConfiguration;
			baseConfigurationReference = E68FC7C59970E72A6D9463B8 /* SampleCode.xcconfig */;
			buildSettings = {
				ALWAYS_SEARCH_USER_PATHS = NO;
				CLANG_ANALYZER_NONNULL = YES;
				CLANG_ANALYZER_NUMBER_OBJECT_CONVERSION = YES_AGGRESSIVE;
				CLANG_CXX_LANGUAGE_STANDARD = "gnu++14";
				CLANG_CXX_LIBRARY = "libc++";
				CLANG_ENABLE_MODULES = YES;
				CLANG_ENABLE_OBJC_ARC = YES;
				CLANG_ENABLE_OBJC_WEAK = YES;
				CLANG_WARN_BLOCK_CAPTURE_AUTORELEASING = YES;
				CLANG_WARN_BOOL_CONVERSION = YES;
				CLANG_WARN_COMMA = YES;
				CLANG_WARN_CONSTANT_CONVERSION = YES;
				CLANG_WARN_DEPRECATED_OBJC_IMPLEMENTATIONS = YES;
				CLANG_WARN_DIRECT_OBJC_ISA_USAGE = YES_ERROR;
				CLANG_WARN_DOCUMENTATION_COMMENTS = YES;
				CLANG_WARN_EMPTY_BODY = YES;
				CLANG_WARN_ENUM_CONVERSION = YES;
				CLANG_WARN_INFINITE_RECURSION = YES;
				CLANG_WARN_INT_CONVERSION = YES;
				CLANG_WARN_NON_LITERAL_NULL_CONVERSION = YES;
				CLANG_WARN_OBJC_IMPLICIT_RETAIN_SELF = YES;
				CLANG_WARN_OBJC_LITERAL_CONVERSION = YES;
				CLANG_WARN_OBJC_ROOT_CLASS = YES_ERROR;
				CLANG_WARN_QUOTED_INCLUDE_IN_FRAMEWORK_HEADER = YES;
				CLANG_WARN_RANGE_LOOP_ANALYSIS = YES;
				CLANG_WARN_STRICT_PROTOTYPES = YES;
				CLANG_WARN_SUSPICIOUS_MOVE = YES;
				CLANG_WARN_UNGUARDED_AVAILABILITY = YES_AGGRESSIVE;
				CLANG_WARN_UNREACHABLE_CODE = YES;
				CLANG_WARN__DUPLICATE_METHOD_MATCH = YES;
				COPY_PHASE_STRIP = NO;
				DEBUG_INFORMATION_FORMAT = dwarf;
				ENABLE_STRICT_OBJC_MSGSEND = YES;
				ENABLE_TESTABILITY = YES;
				GCC_C_LANGUAGE_STANDARD = gnu11;
				GCC_DYNAMIC_NO_PIC = NO;
				GCC_NO_COMMON_BLOCKS = YES;
				GCC_OPTIMIZATION_LEVEL = 0;
				GCC_PREPROCESSOR_DEFINITIONS = (
					"DEBUG=1",
					"$(inherited)",
				);
				GCC_TREAT_WARNINGS_AS_ERRORS = YES;
				GCC_WARN_64_TO_32_BIT_CONVERSION = YES;
				GCC_WARN_ABOUT_RETURN_TYPE = YES_ERROR;
				GCC_WARN_UNDECLARED_SELECTOR = YES;
				GCC_WARN_UNINITIALIZED_AUTOS = YES_AGGRESSIVE;
				GCC_WARN_UNUSED_FUNCTION = YES;
				GCC_WARN_UNUSED_VARIABLE = YES;
				IPHONEOS_DEPLOYMENT_TARGET = 14.0;
				MTL_ENABLE_DEBUG_INFO = INCLUDE_SOURCE;
				MTL_FAST_MATH = YES;
				ONLY_ACTIVE_ARCH = YES;
				SDKROOT = iphoneos;
				SWIFT_ACTIVE_COMPILATION_CONDITIONS = DEBUG;
				SWIFT_OPTIMIZATION_LEVEL = "-Onone";
				SWIFT_TREAT_WARNINGS_AS_ERRORS = YES;
			};
			name = Debug;
		};
		5733B33C2488842E0035C9B7 /* Release */ = {
			isa = XCBuildConfiguration;
			baseConfigurationReference = E68FC7C59970E72A6D9463B8 /* SampleCode.xcconfig */;
			buildSettings = {
				ALWAYS_SEARCH_USER_PATHS = NO;
				CLANG_ANALYZER_NONNULL = YES;
				CLANG_ANALYZER_NUMBER_OBJECT_CONVERSION = YES_AGGRESSIVE;
				CLANG_CXX_LANGUAGE_STANDARD = "gnu++14";
				CLANG_CXX_LIBRARY = "libc++";
				CLANG_ENABLE_MODULES = YES;
				CLANG_ENABLE_OBJC_ARC = YES;
				CLANG_ENABLE_OBJC_WEAK = YES;
				CLANG_WARN_BLOCK_CAPTURE_AUTORELEASING = YES;
				CLANG_WARN_BOOL_CONVERSION = YES;
				CLANG_WARN_COMMA = YES;
				CLANG_WARN_CONSTANT_CONVERSION = YES;
				CLANG_WARN_DEPRECATED_OBJC_IMPLEMENTATIONS = YES;
				CLANG_WARN_DIRECT_OBJC_ISA_USAGE = YES_ERROR;
				CLANG_WARN_DOCUMENTATION_COMMENTS = YES;
				CLANG_WARN_EMPTY_BODY = YES;
				CLANG_WARN_ENUM_CONVERSION = YES;
				CLANG_WARN_INFINITE_RECURSION = YES;
				CLANG_WARN_INT_CONVERSION = YES;
				CLANG_WARN_NON_LITERAL_NULL_CONVERSION = YES;
				CLANG_WARN_OBJC_IMPLICIT_RETAIN_SELF = YES;
				CLANG_WARN_OBJC_LITERAL_CONVERSION = YES;
				CLANG_WARN_OBJC_ROOT_CLASS = YES_ERROR;
				CLANG_WARN_QUOTED_INCLUDE_IN_FRAMEWORK_HEADER = YES;
				CLANG_WARN_RANGE_LOOP_ANALYSIS = YES;
				CLANG_WARN_STRICT_PROTOTYPES = YES;
				CLANG_WARN_SUSPICIOUS_MOVE = YES;
				CLANG_WARN_UNGUARDED_AVAILABILITY = YES_AGGRESSIVE;
				CLANG_WARN_UNREACHABLE_CODE = YES;
				CLANG_WARN__DUPLICATE_METHOD_MATCH = YES;
				COPY_PHASE_STRIP = NO;
				DEBUG_INFORMATION_FORMAT = "dwarf-with-dsym";
				ENABLE_NS_ASSERTIONS = NO;
				ENABLE_STRICT_OBJC_MSGSEND = YES;
				GCC_C_LANGUAGE_STANDARD = gnu11;
				GCC_NO_COMMON_BLOCKS = YES;
				GCC_TREAT_WARNINGS_AS_ERRORS = YES;
				GCC_WARN_64_TO_32_BIT_CONVERSION = YES;
				GCC_WARN_ABOUT_RETURN_TYPE = YES_ERROR;
				GCC_WARN_UNDECLARED_SELECTOR = YES;
				GCC_WARN_UNINITIALIZED_AUTOS = YES_AGGRESSIVE;
				GCC_WARN_UNUSED_FUNCTION = YES;
				GCC_WARN_UNUSED_VARIABLE = YES;
				IPHONEOS_DEPLOYMENT_TARGET = 14.0;
				MTL_ENABLE_DEBUG_INFO = NO;
				MTL_FAST_MATH = YES;
				SDKROOT = iphoneos;
				SWIFT_COMPILATION_MODE = wholemodule;
				SWIFT_OPTIMIZATION_LEVEL = "-O";
				SWIFT_TREAT_WARNINGS_AS_ERRORS = YES;
				VALIDATE_PRODUCT = YES;
			};
			name = Release;
		};
		5733B33E2488842E0035C9B7 /* Debug */ = {
			isa = XCBuildConfiguration;
			baseConfigurationReference = E68FC7C59970E72A6D9463B8 /* SampleCode.xcconfig */;
			buildSettings = {
				ALWAYS_EMBED_SWIFT_STANDARD_LIBRARIES = YES;
				ASSETCATALOG_COMPILER_APPICON_NAME = AppIcon;
				CODE_SIGN_ENTITLEMENTS = "Game Status/Game Status.entitlements";
				CODE_SIGN_STYLE = Automatic;
				DEVELOPMENT_ASSET_PATHS = "\"Game Status/Preview Content\"";
				DEVELOPMENT_TEAM = NWP8DQHN5J;
				ENABLE_PREVIEWS = YES;
				INFOPLIST_FILE = "Game Status/Info.plist";
				LD_RUNPATH_SEARCH_PATHS = (
					"$(inherited)",
					"@executable_path/Frameworks",
				);
				PRODUCT_BUNDLE_IDENTIFIER = "com.example.apple-samplecode.Emoji-Rangers";
				PRODUCT_NAME = "$(TARGET_NAME)";
				PROVISIONING_PROFILE_SPECIFIER = "";
				SUPPORTS_MACCATALYST = YES;
				SWIFT_VERSION = 5.0;
				TARGETED_DEVICE_FAMILY = "1,2";
			};
			name = Debug;
		};
		5733B33F2488842E0035C9B7 /* Release */ = {
			isa = XCBuildConfiguration;
			baseConfigurationReference = E68FC7C59970E72A6D9463B8 /* SampleCode.xcconfig */;
			buildSettings = {
				ALWAYS_EMBED_SWIFT_STANDARD_LIBRARIES = YES;
				ASSETCATALOG_COMPILER_APPICON_NAME = AppIcon;
				CODE_SIGN_ENTITLEMENTS = "Game Status/Game Status.entitlements";
				CODE_SIGN_STYLE = Automatic;
				DEVELOPMENT_ASSET_PATHS = "\"Game Status/Preview Content\"";
				DEVELOPMENT_TEAM = NWP8DQHN5J;
				ENABLE_PREVIEWS = YES;
				INFOPLIST_FILE = "Game Status/Info.plist";
				LD_RUNPATH_SEARCH_PATHS = (
					"$(inherited)",
					"@executable_path/Frameworks",
				);
				PRODUCT_BUNDLE_IDENTIFIER = "com.example.apple-samplecode.Emoji-Rangers";
				PRODUCT_NAME = "$(TARGET_NAME)";
				PROVISIONING_PROFILE_SPECIFIER = "";
				SUPPORTS_MACCATALYST = YES;
				SWIFT_VERSION = 5.0;
				TARGETED_DEVICE_FAMILY = "1,2";
			};
			name = Release;
		};
/* End XCBuildConfiguration section */

/* Begin XCConfigurationList section */
		0744EFE424AB625400C04F77 /* Build configuration list for PBXNativeTarget "EmojiRangerIntentHandler" */ = {
			isa = XCConfigurationList;
			buildConfigurations = (
				0744EFE524AB625400C04F77 /* Debug */,
				0744EFE624AB625400C04F77 /* Release */,
			);
			defaultConfigurationIsVisible = 0;
			defaultConfigurationName = Release;
		};
		07E8046A24A80516003DD190 /* Build configuration list for PBXNativeTarget "EmojiRangerWidgetExtension" */ = {
			isa = XCConfigurationList;
			buildConfigurations = (
				07E8046824A80516003DD190 /* Debug */,
				07E8046924A80516003DD190 /* Release */,
			);
			defaultConfigurationIsVisible = 0;
			defaultConfigurationName = Release;
		};
		5733B3242488842D0035C9B7 /* Build configuration list for PBXProject "Emoji Rangers" */ = {
			isa = XCConfigurationList;
			buildConfigurations = (
				5733B33B2488842E0035C9B7 /* Debug */,
				5733B33C2488842E0035C9B7 /* Release */,
			);
			defaultConfigurationIsVisible = 0;
			defaultConfigurationName = Release;
		};
		5733B33D2488842E0035C9B7 /* Build configuration list for PBXNativeTarget "Emoji Rangers" */ = {
			isa = XCConfigurationList;
			buildConfigurations = (
				5733B33E2488842E0035C9B7 /* Debug */,
				5733B33F2488842E0035C9B7 /* Release */,
			);
			defaultConfigurationIsVisible = 0;
			defaultConfigurationName = Release;
		};
/* End XCConfigurationList section */
	};
	rootObject = 5733B3212488842D0035C9B7 /* Project object */;
}
